// !$*UTF8*$!
{
	archiveVersion = 1;
	classes = {
	};
	objectVersion = 46;
	objects = {

/* Begin PBXBuildFile section */
		448AE6E81DB29CE90056468E /* AppDelegate.swift in Sources */ = {isa = PBXBuildFile; fileRef = 448AE6E71DB29CE90056468E /* AppDelegate.swift */; };
		448AE6EA1DB29CE90056468E /* ViewController.swift in Sources */ = {isa = PBXBuildFile; fileRef = 448AE6E91DB29CE90056468E /* ViewController.swift */; };
		448AE6ED1DB29CE90056468E /* Main.storyboard in Resources */ = {isa = PBXBuildFile; fileRef = 448AE6EB1DB29CE90056468E /* Main.storyboard */; };
		448AE6EF1DB29CE90056468E /* Assets.xcassets in Resources */ = {isa = PBXBuildFile; fileRef = 448AE6EE1DB29CE90056468E /* Assets.xcassets */; };
		448AE6F21DB29CE90056468E /* LaunchScreen.storyboard in Resources */ = {isa = PBXBuildFile; fileRef = 448AE6F01DB29CE90056468E /* LaunchScreen.storyboard */; };
		448AE7041DB2B3ED0056468E /* png_1.png in Resources */ = {isa = PBXBuildFile; fileRef = 448AE6FA1DB2B3ED0056468E /* png_1.png */; };
		448AE7051DB2B3ED0056468E /* png_10.png in Resources */ = {isa = PBXBuildFile; fileRef = 448AE6FB1DB2B3ED0056468E /* png_10.png */; };
		448AE7061DB2B3ED0056468E /* png_2.png in Resources */ = {isa = PBXBuildFile; fileRef = 448AE6FC1DB2B3ED0056468E /* png_2.png */; };
		448AE7071DB2B3ED0056468E /* png_3.png in Resources */ = {isa = PBXBuildFile; fileRef = 448AE6FD1DB2B3ED0056468E /* png_3.png */; };
		448AE7081DB2B3ED0056468E /* png_4.png in Resources */ = {isa = PBXBuildFile; fileRef = 448AE6FE1DB2B3ED0056468E /* png_4.png */; };
		448AE7091DB2B3ED0056468E /* png_5.png in Resources */ = {isa = PBXBuildFile; fileRef = 448AE6FF1DB2B3ED0056468E /* png_5.png */; };
		448AE70A1DB2B3ED0056468E /* png_6.png in Resources */ = {isa = PBXBuildFile; fileRef = 448AE7001DB2B3ED0056468E /* png_6.png */; };
		448AE70B1DB2B3ED0056468E /* png_7.png in Resources */ = {isa = PBXBuildFile; fileRef = 448AE7011DB2B3ED0056468E /* png_7.png */; };
		448AE70C1DB2B3ED0056468E /* png_8.png in Resources */ = {isa = PBXBuildFile; fileRef = 448AE7021DB2B3ED0056468E /* png_8.png */; };
		448AE70D1DB2B3ED0056468E /* png_9.png in Resources */ = {isa = PBXBuildFile; fileRef = 448AE7031DB2B3ED0056468E /* png_9.png */; };
/* End PBXBuildFile section */

/* Begin PBXFileReference section */
		448AE6E41DB29CE90056468E /* HW21.app */ = {isa = PBXFileReference; explicitFileType = wrapper.application; includeInIndex = 0; path = HW21.app; sourceTree = BUILT_PRODUCTS_DIR; };
		448AE6E71DB29CE90056468E /* AppDelegate.swift */ = {isa = PBXFileReference; lastKnownFileType = sourcecode.swift; path = AppDelegate.swift; sourceTree = "<group>"; };
		448AE6E91DB29CE90056468E /* ViewController.swift */ = {isa = PBXFileReference; lastKnownFileType = sourcecode.swift; path = ViewController.swift; sourceTree = "<group>"; };
		448AE6EC1DB29CE90056468E /* Base */ = {isa = PBXFileReference; lastKnownFileType = file.storyboard; name = Base; path = Base.lproj/Main.storyboard; sourceTree = "<group>"; };
		448AE6EE1DB29CE90056468E /* Assets.xcassets */ = {isa = PBXFileReference; lastKnownFileType = folder.assetcatalog; path = Assets.xcassets; sourceTree = "<group>"; };
		448AE6F11DB29CE90056468E /* Base */ = {isa = PBXFileReference; lastKnownFileType = file.storyboard; name = Base; path = Base.lproj/LaunchScreen.storyboard; sourceTree = "<group>"; };
		448AE6F31DB29CE90056468E /* Info.plist */ = {isa = PBXFileReference; lastKnownFileType = text.plist.xml; path = Info.plist; sourceTree = "<group>"; };
		448AE6FA1DB2B3ED0056468E /* png_1.png */ = {isa = PBXFileReference; lastKnownFileType = image.png; path = png_1.png; sourceTree = "<group>"; };
		448AE6FB1DB2B3ED0056468E /* png_10.png */ = {isa = PBXFileReference; lastKnownFileType = image.png; path = png_10.png; sourceTree = "<group>"; };
		448AE6FC1DB2B3ED0056468E /* png_2.png */ = {isa = PBXFileReference; lastKnownFileType = image.png; path = png_2.png; sourceTree = "<group>"; };
		448AE6FD1DB2B3ED0056468E /* png_3.png */ = {isa = PBXFileReference; lastKnownFileType = image.png; path = png_3.png; sourceTree = "<group>"; };
		448AE6FE1DB2B3ED0056468E /* png_4.png */ = {isa = PBXFileReference; lastKnownFileType = image.png; path = png_4.png; sourceTree = "<group>"; };
		448AE6FF1DB2B3ED0056468E /* png_5.png */ = {isa = PBXFileReference; lastKnownFileType = image.png; path = png_5.png; sourceTree = "<group>"; };
		448AE7001DB2B3ED0056468E /* png_6.png */ = {isa = PBXFileReference; lastKnownFileType = image.png; path = png_6.png; sourceTree = "<group>"; };
		448AE7011DB2B3ED0056468E /* png_7.png */ = {isa = PBXFileReference; lastKnownFileType = image.png; path = png_7.png; sourceTree = "<group>"; };
		448AE7021DB2B3ED0056468E /* png_8.png */ = {isa = PBXFileReference; lastKnownFileType = image.png; path = png_8.png; sourceTree = "<group>"; };
		448AE7031DB2B3ED0056468E /* png_9.png */ = {isa = PBXFileReference; lastKnownFileType = image.png; path = png_9.png; sourceTree = "<group>"; };
/* End PBXFileReference section */

/* Begin PBXFrameworksBuildPhase section */
		448AE6E11DB29CE80056468E /* Frameworks */ = {
			isa = PBXFrameworksBuildPhase;
			buildActionMask = 2147483647;
			files = (
			);
			runOnlyForDeploymentPostprocessing = 0;
		};
/* End PBXFrameworksBuildPhase section */

/* Begin PBXGroup section */
		448AE6DB1DB29CE80056468E = {
			isa = PBXGroup;
			children = (
				448AE6E61DB29CE90056468E /* HW21 */,
				448AE6E51DB29CE90056468E /* Products */,
				448AE6F91DB2B3ED0056468E /* imageFiles */,
			);
			sourceTree = "<group>";
		};
		448AE6E51DB29CE90056468E /* Products */ = {
			isa = PBXGroup;
			children = (
				448AE6E41DB29CE90056468E /* HW21.app */,
			);
			name = Products;
			sourceTree = "<group>";
		};
		448AE6E61DB29CE90056468E /* HW21 */ = {
			isa = PBXGroup;
			children = (
				448AE6E71DB29CE90056468E /* AppDelegate.swift */,
				448AE6E91DB29CE90056468E /* ViewController.swift */,
				448AE6EB1DB29CE90056468E /* Main.storyboard */,
				448AE6EE1DB29CE90056468E /* Assets.xcassets */,
				448AE6F01DB29CE90056468E /* LaunchScreen.storyboard */,
				448AE6F31DB29CE90056468E /* Info.plist */,
			);
			path = HW21;
			sourceTree = "<group>";
		};
		448AE6F91DB2B3ED0056468E /* imageFiles */ = {
			isa = PBXGroup;
			children = (
				448AE6FA1DB2B3ED0056468E /* png_1.png */,
				448AE6FB1DB2B3ED0056468E /* png_10.png */,
				448AE6FC1DB2B3ED0056468E /* png_2.png */,
				448AE6FD1DB2B3ED0056468E /* png_3.png */,
				448AE6FE1DB2B3ED0056468E /* png_4.png */,
				448AE6FF1DB2B3ED0056468E /* png_5.png */,
				448AE7001DB2B3ED0056468E /* png_6.png */,
				448AE7011DB2B3ED0056468E /* png_7.png */,
				448AE7021DB2B3ED0056468E /* png_8.png */,
				448AE7031DB2B3ED0056468E /* png_9.png */,
			);
			name = imageFiles;
			path = HW21/imageFiles;
			sourceTree = "<group>";
		};
/* End PBXGroup section */

/* Begin PBXNativeTarget section */
		448AE6E31DB29CE80056468E /* HW21 */ = {
			isa = PBXNativeTarget;
			buildConfigurationList = 448AE6F61DB29CE90056468E /* Build configuration list for PBXNativeTarget "HW21" */;
			buildPhases = (
				448AE6E01DB29CE80056468E /* Sources */,
				448AE6E11DB29CE80056468E /* Frameworks */,
				448AE6E21DB29CE80056468E /* Resources */,
			);
			buildRules = (
			);
			dependencies = (
			);
			name = HW21;
			productName = HW21;
			productReference = 448AE6E41DB29CE90056468E /* HW21.app */;
			productType = "com.apple.product-type.application";
		};
/* End PBXNativeTarget section */

/* Begin PBXProject section */
		448AE6DC1DB29CE80056468E /* Project object */ = {
			isa = PBXProject;
			attributes = {
				LastSwiftUpdateCheck = 0800;
				LastUpgradeCheck = 0800;
				ORGANIZATIONNAME = "Ruslan Timchenko";
				TargetAttributes = {
					448AE6E31DB29CE80056468E = {
						CreatedOnToolsVersion = 8.0;
						ProvisioningStyle = Automatic;
					};
				};
			};
			buildConfigurationList = 448AE6DF1DB29CE80056468E /* Build configuration list for PBXProject "HW21" */;
			compatibilityVersion = "Xcode 3.2";
			developmentRegion = English;
			hasScannedForEncodings = 0;
			knownRegions = (
				en,
				Base,
			);
			mainGroup = 448AE6DB1DB29CE80056468E;
			productRefGroup = 448AE6E51DB29CE90056468E /* Products */;
			projectDirPath = "";
			projectRoot = "";
			targets = (
				448AE6E31DB29CE80056468E /* HW21 */,
			);
		};
/* End PBXProject section */

/* Begin PBXResourcesBuildPhase section */
		448AE6E21DB29CE80056468E /* Resources */ = {
			isa = PBXResourcesBuildPhase;
			buildActionMask = 2147483647;
			files = (
				448AE6F21DB29CE90056468E /* LaunchScreen.storyboard in Resources */,
				448AE7041DB2B3ED0056468E /* png_1.png in Resources */,
				448AE7061DB2B3ED0056468E /* png_2.png in Resources */,
				448AE7071DB2B3ED0056468E /* png_3.png in Resources */,
				448AE7081DB2B3ED0056468E /* png_4.png in Resources */,
				448AE7091DB2B3ED0056468E /* png_5.png in Resources */,
				448AE70B1DB2B3ED0056468E /* png_7.png in Resources */,
				448AE70A1DB2B3ED0056468E /* png_6.png in Resources */,
				448AE70C1DB2B3ED0056468E /* png_8.png in Resources */,
				448AE6EF1DB29CE90056468E /* Assets.xcassets in Resources */,
				448AE7051DB2B3ED0056468E /* png_10.png in Resources */,
				448AE6ED1DB29CE90056468E /* Main.storyboard in Resources */,
				448AE70D1DB2B3ED0056468E /* png_9.png in Resources */,
			);
			runOnlyForDeploymentPostprocessing = 0;
		};
/* End PBXResourcesBuildPhase section */

/* Begin PBXSourcesBuildPhase section */
		448AE6E01DB29CE80056468E /* Sources */ = {
			isa = PBXSourcesBuildPhase;
			buildActionMask = 2147483647;
			files = (
				448AE6EA1DB29CE90056468E /* ViewController.swift in Sources */,
				448AE6E81DB29CE90056468E /* AppDelegate.swift in Sources */,
			);
			runOnlyForDeploymentPostprocessing = 0;
		};
/* End PBXSourcesBuildPhase section */

/* Begin PBXVariantGroup section */
		448AE6EB1DB29CE90056468E /* Main.storyboard */ = {
			isa = PBXVariantGroup;
			children = (
				448AE6EC1DB29CE90056468E /* Base */,
			);
			name = Main.storyboard;
			sourceTree = "<group>";
		};
		448AE6F01DB29CE90056468E /* LaunchScreen.storyboard */ = {
			isa = PBXVariantGroup;
			children = (
				448AE6F11DB29CE90056468E /* Base */,
			);
			name = LaunchScreen.storyboard;
			sourceTree = "<group>";
		};
/* End PBXVariantGroup section */

/* Begin XCBuildConfiguration section */
		448AE6F41DB29CE90056468E /* Debug */ = {
			isa = XCBuildConfiguration;
			buildSettings = {
				ALWAYS_SEARCH_USER_PATHS = NO;
				CLANG_ANALYZER_NONNULL = YES;
				CLANG_CXX_LANGUAGE_STANDARD = "gnu++0x";
				CLANG_CXX_LIBRARY = "libc++";
				CLANG_ENABLE_MODULES = YES;
				CLANG_ENABLE_OBJC_ARC = YES;
				CLANG_WARN_BOOL_CONVERSION = YES;
				CLANG_WARN_CONSTANT_CONVERSION = YES;
				CLANG_WARN_DIRECT_OBJC_ISA_USAGE = YES_ERROR;
				CLANG_WARN_DOCUMENTATION_COMMENTS = YES;
				CLANG_WARN_EMPTY_BODY = YES;
				CLANG_WARN_ENUM_CONVERSION = YES;
				CLANG_WARN_INFINITE_RECURSION = YES;
				CLANG_WARN_INT_CONVERSION = YES;
				CLANG_WARN_OBJC_ROOT_CLASS = YES_ERROR;
				CLANG_WARN_SUSPICIOUS_MOVES = YES;
				CLANG_WARN_UNREACHABLE_CODE = YES;
				CLANG_WARN__DUPLICATE_METHOD_MATCH = YES;
				"CODE_SIGN_IDENTITY[sdk=iphoneos*]" = "iPhone Developer";
				COPY_PHASE_STRIP = NO;
				DEBUG_INFORMATION_FORMAT = dwarf;
				ENABLE_STRICT_OBJC_MSGSEND = YES;
				ENABLE_TESTABILITY = YES;
				GCC_C_LANGUAGE_STANDARD = gnu99;
				GCC_DYNAMIC_NO_PIC = NO;
				GCC_NO_COMMON_BLOCKS = YES;
				GCC_OPTIMIZATION_LEVEL = 0;
				GCC_PREPROCESSOR_DEFINITIONS = (
					"DEBUG=1",
					"$(inherited)",
				);
				GCC_WARN_64_TO_32_BIT_CONVERSION = YES;
				GCC_WARN_ABOUT_RETURN_TYPE = YES_ERROR;
				GCC_WARN_UNDECLARED_SELECTOR = YES;
				GCC_WARN_UNINITIALIZED_AUTOS = YES_AGGRESSIVE;
				GCC_WARN_UNUSED_FUNCTION = YES;
				GCC_WARN_UNUSED_VARIABLE = YES;
				IPHONEOS_DEPLOYMENT_TARGET = 10.0;
				MTL_ENABLE_DEBUG_INFO = YES;
				ONLY_ACTIVE_ARCH = YES;
				SDKROOT = iphoneos;
				SWIFT_ACTIVE_COMPILATION_CONDITIONS = DEBUG;
				SWIFT_OPTIMIZATION_LEVEL = "-Onone";
				TARGETED_DEVICE_FAMILY = "1,2";
			};
			name = Debug;
		};
		448AE6F51DB29CE90056468E /* Release */ = {
			isa = XCBuildConfiguration;
			buildSettings = {
				ALWAYS_SEARCH_USER_PATHS = NO;
				CLANG_ANALYZER_NONNULL = YES;
				CLANG_CXX_LANGUAGE_STANDARD = "gnu++0x";
				CLANG_CXX_LIBRARY = "libc++";
				CLANG_ENABLE_MODULES = YES;
				CLANG_ENABLE_OBJC_ARC = YES;
				CLANG_WARN_BOOL_CONVERSION = YES;
				CLANG_WARN_CONSTANT_CONVERSION = YES;
				CLANG_WARN_DIRECT_OBJC_ISA_USAGE = YES_ERROR;
				CLANG_WARN_DOCUMENTATION_COMMENTS = YES;
				CLANG_WARN_EMPTY_BODY = YES;
				CLANG_WARN_ENUM_CONVERSION = YES;
				CLANG_WARN_INFINITE_RECURSION = YES;
				CLANG_WARN_INT_CONVERSION = YES;
				CLANG_WARN_OBJC_ROOT_CLASS = YES_ERROR;
				CLANG_WARN_SUSPICIOUS_MOVES = YES;
				CLANG_WARN_UNREACHABLE_CODE = YES;
				CLANG_WARN__DUPLICATE_METHOD_MATCH = YES;
				"CODE_SIGN_IDENTITY[sdk=iphoneos*]" = "iPhone Developer";
				COPY_PHASE_STRIP = NO;
				DEBUG_INFORMATION_FORMAT = "dwarf-with-dsym";
				ENABLE_NS_ASSERTIONS = NO;
				ENABLE_STRICT_OBJC_MSGSEND = YES;
				GCC_C_LANGUAGE_STANDARD = gnu99;
				GCC_NO_COMMON_BLOCKS = YES;
				GCC_WARN_64_TO_32_BIT_CONVERSION = YES;
				GCC_WARN_ABOUT_RETURN_TYPE = YES_ERROR;
				GCC_WARN_UNDECLARED_SELECTOR = YES;
				GCC_WARN_UNINITIALIZED_AUTOS = YES_AGGRESSIVE;
				GCC_WARN_UNUSED_FUNCTION = YES;
				GCC_WARN_UNUSED_VARIABLE = YES;
				IPHONEOS_DEPLOYMENT_TARGET = 10.0;
				MTL_ENABLE_DEBUG_INFO = NO;
				SDKROOT = iphoneos;
				SWIFT_OPTIMIZATION_LEVEL = "-Owholemodule";
				TARGETED_DEVICE_FAMILY = "1,2";
				VALIDATE_PRODUCT = YES;
			};
			name = Release;
		};
		448AE6F71DB29CE90056468E /* Debug */ = {
			isa = XCBuildConfiguration;
			buildSettings = {
				ASSETCATALOG_COMPILER_APPICON_NAME = AppIcon;
				INFOPLIST_FILE = HW21/Info.plist;
				LD_RUNPATH_SEARCH_PATHS = "$(inherited) @executable_path/Frameworks";
				PRODUCT_BUNDLE_IDENTIFIER = RT.HW21;
				PRODUCT_NAME = "$(TARGET_NAME)";
				SWIFT_VERSION = 3.0;
			};
			name = Debug;
		};
		448AE6F81DB29CE90056468E /* Release */ = {
			isa = XCBuildConfiguration;
			buildSettings = {
				ASSETCATALOG_COMPILER_APPICON_NAME = AppIcon;
				INFOPLIST_FILE = HW21/Info.plist;
				LD_RUNPATH_SEARCH_PATHS = "$(inherited) @executable_path/Frameworks";
				PRODUCT_BUNDLE_IDENTIFIER = RT.HW21;
				PRODUCT_NAME = "$(TARGET_NAME)";
				SWIFT_VERSION = 3.0;
			};
			name = Release;
		};
/* End XCBuildConfiguration section */

/* Begin XCConfigurationList section */
		448AE6DF1DB29CE80056468E /* Build configuration list for PBXProject "HW21" */ = {
			isa = XCConfigurationList;
			buildConfigurations = (
				448AE6F41DB29CE90056468E /* Debug */,
				448AE6F51DB29CE90056468E /* Release */,
			);
			defaultConfigurationIsVisible = 0;
			defaultConfigurationName = Release;
		};
		448AE6F61DB29CE90056468E /* Build configuration list for PBXNativeTarget "HW21" */ = {
			isa = XCConfigurationList;
			buildConfigurations = (
				448AE6F71DB29CE90056468E /* Debug */,
				448AE6F81DB29CE90056468E /* Release */,
			);
			defaultConfigurationIsVisible = 0;
		};
/* End XCConfigurationList section */
	};
	rootObject = 448AE6DC1DB29CE80056468E /* Project object */;
}
