// !$*UTF8*$!
{
	archiveVersion = 1;
	classes = {
	};
	objectVersion = 46;
	objects = {

/* Begin PBXBuildFile section */
		44637DFA1DB792010041EBE7 /* main.m in Sources */ = {isa = PBXBuildFile; fileRef = 44637DF91DB792010041EBE7 /* main.m */; };
		44637DFD1DB792010041EBE7 /* AppDelegate.m in Sources */ = {isa = PBXBuildFile; fileRef = 44637DFC1DB792010041EBE7 /* AppDelegate.m */; };
		44637E001DB792010041EBE7 /* ViewController.m in Sources */ = {isa = PBXBuildFile; fileRef = 44637DFF1DB792010041EBE7 /* ViewController.m */; };
		44637E031DB792010041EBE7 /* Main.storyboard in Resources */ = {isa = PBXBuildFile; fileRef = 44637E011DB792010041EBE7 /* Main.storyboard */; };
		44637E051DB792010041EBE7 /* Assets.xcassets in Resources */ = {isa = PBXBuildFile; fileRef = 44637E041DB792010041EBE7 /* Assets.xcassets */; };
		44637E081DB792010041EBE7 /* LaunchScreen.storyboard in Resources */ = {isa = PBXBuildFile; fileRef = 44637E061DB792010041EBE7 /* LaunchScreen.storyboard */; };
		44637E111DB792600041EBE7 /* RTDrawingView.m in Sources */ = {isa = PBXBuildFile; fileRef = 44637E101DB792600041EBE7 /* RTDrawingView.m */; };
/* End PBXBuildFile section */

/* Begin PBXFileReference section */
		44637DF51DB792010041EBE7 /* DrawingsTest.app */ = {isa = PBXFileReference; explicitFileType = wrapper.application; includeInIndex = 0; path = DrawingsTest.app; sourceTree = BUILT_PRODUCTS_DIR; };
		44637DF91DB792010041EBE7 /* main.m */ = {isa = PBXFileReference; lastKnownFileType = sourcecode.c.objc; path = main.m; sourceTree = "<group>"; };
		44637DFB1DB792010041EBE7 /* AppDelegate.h */ = {isa = PBXFileReference; lastKnownFileType = sourcecode.c.h; path = AppDelegate.h; sourceTree = "<group>"; };
		44637DFC1DB792010041EBE7 /* AppDelegate.m */ = {isa = PBXFileReference; lastKnownFileType = sourcecode.c.objc; path = AppDelegate.m; sourceTree = "<group>"; };
		44637DFE1DB792010041EBE7 /* ViewController.h */ = {isa = PBXFileReference; lastKnownFileType = sourcecode.c.h; path = ViewController.h; sourceTree = "<group>"; };
		44637DFF1DB792010041EBE7 /* ViewController.m */ = {isa = PBXFileReference; lastKnownFileType = sourcecode.c.objc; path = ViewController.m; sourceTree = "<group>"; };
		44637E021DB792010041EBE7 /* Base */ = {isa = PBXFileReference; lastKnownFileType = file.storyboard; name = Base; path = Base.lproj/Main.storyboard; sourceTree = "<group>"; };
		44637E041DB792010041EBE7 /* Assets.xcassets */ = {isa = PBXFileReference; lastKnownFileType = folder.assetcatalog; path = Assets.xcassets; sourceTree = "<group>"; };
		44637E071DB792010041EBE7 /* Base */ = {isa = PBXFileReference; lastKnownFileType = file.storyboard; name = Base; path = Base.lproj/LaunchScreen.storyboard; sourceTree = "<group>"; };
		44637E091DB792010041EBE7 /* Info.plist */ = {isa = PBXFileReference; lastKnownFileType = text.plist.xml; path = Info.plist; sourceTree = "<group>"; };
		44637E0F1DB792600041EBE7 /* RTDrawingView.h */ = {isa = PBXFileReference; fileEncoding = 4; lastKnownFileType = sourcecode.c.h; path = RTDrawingView.h; sourceTree = "<group>"; };
		44637E101DB792600041EBE7 /* RTDrawingView.m */ = {isa = PBXFileReference; fileEncoding = 4; lastKnownFileType = sourcecode.c.objc; path = RTDrawingView.m; sourceTree = "<group>"; };
/* End PBXFileReference section */

/* Begin PBXFrameworksBuildPhase section */
		44637DF21DB792010041EBE7 /* Frameworks */ = {
			isa = PBXFrameworksBuildPhase;
			buildActionMask = 2147483647;
			files = (
			);
			runOnlyForDeploymentPostprocessing = 0;
		};
/* End PBXFrameworksBuildPhase section */

/* Begin PBXGroup section */
		44637DEC1DB792010041EBE7 = {
			isa = PBXGroup;
			children = (
				44637DF71DB792010041EBE7 /* DrawingsTest */,
				44637DF61DB792010041EBE7 /* Products */,
			);
			sourceTree = "<group>";
		};
		44637DF61DB792010041EBE7 /* Products */ = {
			isa = PBXGroup;
			children = (
				44637DF51DB792010041EBE7 /* DrawingsTest.app */,
			);
			name = Products;
			sourceTree = "<group>";
		};
		44637DF71DB792010041EBE7 /* DrawingsTest */ = {
			isa = PBXGroup;
			children = (
				44637DFB1DB792010041EBE7 /* AppDelegate.h */,
				44637DFC1DB792010041EBE7 /* AppDelegate.m */,
				44637DFE1DB792010041EBE7 /* ViewController.h */,
				44637DFF1DB792010041EBE7 /* ViewController.m */,
				44637E0F1DB792600041EBE7 /* RTDrawingView.h */,
				44637E101DB792600041EBE7 /* RTDrawingView.m */,
				44637E011DB792010041EBE7 /* Main.storyboard */,
				44637E041DB792010041EBE7 /* Assets.xcassets */,
				44637E061DB792010041EBE7 /* LaunchScreen.storyboard */,
				44637E091DB792010041EBE7 /* Info.plist */,
				44637DF81DB792010041EBE7 /* Supporting Files */,
			);
			path = DrawingsTest;
			sourceTree = "<group>";
		};
		44637DF81DB792010041EBE7 /* Supporting Files */ = {
			isa = PBXGroup;
			children = (
				44637DF91DB792010041EBE7 /* main.m */,
			);
			name = "Supporting Files";
			sourceTree = "<group>";
		};
/* End PBXGroup section */

/* Begin PBXNativeTarget section */
		44637DF41DB792010041EBE7 /* DrawingsTest */ = {
			isa = PBXNativeTarget;
			buildConfigurationList = 44637E0C1DB792010041EBE7 /* Build configuration list for PBXNativeTarget "DrawingsTest" */;
			buildPhases = (
				44637DF11DB792010041EBE7 /* Sources */,
				44637DF21DB792010041EBE7 /* Frameworks */,
				44637DF31DB792010041EBE7 /* Resources */,
			);
			buildRules = (
			);
			dependencies = (
			);
			name = DrawingsTest;
			productName = DrawingsTest;
			productReference = 44637DF51DB792010041EBE7 /* DrawingsTest.app */;
			productType = "com.apple.product-type.application";
		};
/* End PBXNativeTarget section */

/* Begin PBXProject section */
		44637DED1DB792010041EBE7 /* Project object */ = {
			isa = PBXProject;
			attributes = {
				CLASSPREFIX = RT;
				LastUpgradeCheck = 0800;
				ORGANIZATIONNAME = "Ruslan Timchenko";
				TargetAttributes = {
					44637DF41DB792010041EBE7 = {
						CreatedOnToolsVersion = 8.0;
						ProvisioningStyle = Automatic;
					};
				};
			};
			buildConfigurationList = 44637DF01DB792010041EBE7 /* Build configuration list for PBXProject "DrawingsTest" */;
			compatibilityVersion = "Xcode 3.2";
			developmentRegion = English;
			hasScannedForEncodings = 0;
			knownRegions = (
				en,
				Base,
			);
			mainGroup = 44637DEC1DB792010041EBE7;
			productRefGroup = 44637DF61DB792010041EBE7 /* Products */;
			projectDirPath = "";
			projectRoot = "";
			targets = (
				44637DF41DB792010041EBE7 /* DrawingsTest */,
			);
		};
/* End PBXProject section */

/* Begin PBXResourcesBuildPhase section */
		44637DF31DB792010041EBE7 /* Resources */ = {
			isa = PBXResourcesBuildPhase;
			buildActionMask = 2147483647;
			files = (
				44637E081DB792010041EBE7 /* LaunchScreen.storyboard in Resources */,
				44637E051DB792010041EBE7 /* Assets.xcassets in Resources */,
				44637E031DB792010041EBE7 /* Main.storyboard in Resources */,
			);
			runOnlyForDeploymentPostprocessing = 0;
		};
/* End PBXResourcesBuildPhase section */

/* Begin PBXSourcesBuildPhase section */
		44637DF11DB792010041EBE7 /* Sources */ = {
			isa = PBXSourcesBuildPhase;
			buildActionMask = 2147483647;
			files = (
				44637E001DB792010041EBE7 /* ViewController.m in Sources */,
				44637DFD1DB792010041EBE7 /* AppDelegate.m in Sources */,
				44637DFA1DB792010041EBE7 /* main.m in Sources */,
				44637E111DB792600041EBE7 /* RTDrawingView.m in Sources */,
			);
			runOnlyForDeploymentPostprocessing = 0;
		};
/* End PBXSourcesBuildPhase section */

/* Begin PBXVariantGroup section */
		44637E011DB792010041EBE7 /* Main.storyboard */ = {
			isa = PBXVariantGroup;
			children = (
				44637E021DB792010041EBE7 /* Base */,
			);
			name = Main.storyboard;
			sourceTree = "<group>";
		};
		44637E061DB792010041EBE7 /* LaunchScreen.storyboard */ = {
			isa = PBXVariantGroup;
			children = (
				44637E071DB792010041EBE7 /* Base */,
			);
			name = LaunchScreen.storyboard;
			sourceTree = "<group>";
		};
/* End PBXVariantGroup section */

/* Begin XCBuildConfiguration section */
		44637E0A1DB792010041EBE7 /* Debug */ = {
			isa = XCBuildConfiguration;
			buildSettings = {
				ALWAYS_SEARCH_USER_PATHS = NO;
				CLANG_ANALYZER_NONNULL = YES;
				CLANG_CXX_LANGUAGE_STANDARD = "gnu++0x";
				CLANG_CXX_LIBRARY = "libc++";
				CLANG_ENABLE_MODULES = YES;
				CLANG_ENABLE_OBJC_ARC = YES;
				CLANG_WARN_BOOL_CONVERSION = YES;
				CLANG_WARN_CONSTANT_CONVERSION = YES;
				CLANG_WARN_DIRECT_OBJC_ISA_USAGE = YES_ERROR;
				CLANG_WARN_DOCUMENTATION_COMMENTS = YES;
				CLANG_WARN_EMPTY_BODY = YES;
				CLANG_WARN_ENUM_CONVERSION = YES;
				CLANG_WARN_INFINITE_RECURSION = YES;
				CLANG_WARN_INT_CONVERSION = YES;
				CLANG_WARN_OBJC_ROOT_CLASS = YES_ERROR;
				CLANG_WARN_SUSPICIOUS_MOVES = YES;
				CLANG_WARN_UNREACHABLE_CODE = YES;
				CLANG_WARN__DUPLICATE_METHOD_MATCH = YES;
				"CODE_SIGN_IDENTITY[sdk=iphoneos*]" = "iPhone Developer";
				COPY_PHASE_STRIP = NO;
				DEBUG_INFORMATION_FORMAT = dwarf;
				ENABLE_STRICT_OBJC_MSGSEND = YES;
				ENABLE_TESTABILITY = YES;
				GCC_C_LANGUAGE_STANDARD = gnu99;
				GCC_DYNAMIC_NO_PIC = NO;
				GCC_NO_COMMON_BLOCKS = YES;
				GCC_OPTIMIZATION_LEVEL = 0;
				GCC_PREPROCESSOR_DEFINITIONS = (
					"DEBUG=1",
					"$(inherited)",
				);
				GCC_WARN_64_TO_32_BIT_CONVERSION = YES;
				GCC_WARN_ABOUT_RETURN_TYPE = YES_ERROR;
				GCC_WARN_UNDECLARED_SELECTOR = YES;
				GCC_WARN_UNINITIALIZED_AUTOS = YES_AGGRESSIVE;
				GCC_WARN_UNUSED_FUNCTION = YES;
				GCC_WARN_UNUSED_VARIABLE = YES;
				IPHONEOS_DEPLOYMENT_TARGET = 10.0;
				MTL_ENABLE_DEBUG_INFO = YES;
				ONLY_ACTIVE_ARCH = YES;
				SDKROOT = iphoneos;
				TARGETED_DEVICE_FAMILY = "1,2";
			};
			name = Debug;
		};
		44637E0B1DB792010041EBE7 /* Release */ = {
			isa = XCBuildConfiguration;
			buildSettings = {
				ALWAYS_SEARCH_USER_PATHS = NO;
				CLANG_ANALYZER_NONNULL = YES;
				CLANG_CXX_LANGUAGE_STANDARD = "gnu++0x";
				CLANG_CXX_LIBRARY = "libc++";
				CLANG_ENABLE_MODULES = YES;
				CLANG_ENABLE_OBJC_ARC = YES;
				CLANG_WARN_BOOL_CONVERSION = YES;
				CLANG_WARN_CONSTANT_CONVERSION = YES;
				CLANG_WARN_DIRECT_OBJC_ISA_USAGE = YES_ERROR;
				CLANG_WARN_DOCUMENTATION_COMMENTS = YES;
				CLANG_WARN_EMPTY_BODY = YES;
				CLANG_WARN_ENUM_CONVERSION = YES;
				CLANG_WARN_INFINITE_RECURSION = YES;
				CLANG_WARN_INT_CONVERSION = YES;
				CLANG_WARN_OBJC_ROOT_CLASS = YES_ERROR;
				CLANG_WARN_SUSPICIOUS_MOVES = YES;
				CLANG_WARN_UNREACHABLE_CODE = YES;
				CLANG_WARN__DUPLICATE_METHOD_MATCH = YES;
				"CODE_SIGN_IDENTITY[sdk=iphoneos*]" = "iPhone Developer";
				COPY_PHASE_STRIP = NO;
				DEBUG_INFORMATION_FORMAT = "dwarf-with-dsym";
				ENABLE_NS_ASSERTIONS = NO;
				ENABLE_STRICT_OBJC_MSGSEND = YES;
				GCC_C_LANGUAGE_STANDARD = gnu99;
				GCC_NO_COMMON_BLOCKS = YES;
				GCC_WARN_64_TO_32_BIT_CONVERSION = YES;
				GCC_WARN_ABOUT_RETURN_TYPE = YES_ERROR;
				GCC_WARN_UNDECLARED_SELECTOR = YES;
				GCC_WARN_UNINITIALIZED_AUTOS = YES_AGGRESSIVE;
				GCC_WARN_UNUSED_FUNCTION = YES;
				GCC_WARN_UNUSED_VARIABLE = YES;
				IPHONEOS_DEPLOYMENT_TARGET = 10.0;
				MTL_ENABLE_DEBUG_INFO = NO;
				SDKROOT = iphoneos;
				TARGETED_DEVICE_FAMILY = "1,2";
				VALIDATE_PRODUCT = YES;
			};
			name = Release;
		};
		44637E0D1DB792010041EBE7 /* Debug */ = {
			isa = XCBuildConfiguration;
			buildSettings = {
				ASSETCATALOG_COMPILER_APPICON_NAME = AppIcon;
				INFOPLIST_FILE = DrawingsTest/Info.plist;
				LD_RUNPATH_SEARCH_PATHS = "$(inherited) @executable_path/Frameworks";
				PRODUCT_BUNDLE_IDENTIFIER = RT.DrawingsTest;
				PRODUCT_NAME = "$(TARGET_NAME)";
			};
			name = Debug;
		};
		44637E0E1DB792010041EBE7 /* Release */ = {
			isa = XCBuildConfiguration;
			buildSettings = {
				ASSETCATALOG_COMPILER_APPICON_NAME = AppIcon;
				INFOPLIST_FILE = DrawingsTest/Info.plist;
				LD_RUNPATH_SEARCH_PATHS = "$(inherited) @executable_path/Frameworks";
				PRODUCT_BUNDLE_IDENTIFIER = RT.DrawingsTest;
				PRODUCT_NAME = "$(TARGET_NAME)";
			};
			name = Release;
		};
/* End XCBuildConfiguration section */

/* Begin XCConfigurationList section */
		44637DF01DB792010041EBE7 /* Build configuration list for PBXProject "DrawingsTest" */ = {
			isa = XCConfigurationList;
			buildConfigurations = (
				44637E0A1DB792010041EBE7 /* Debug */,
				44637E0B1DB792010041EBE7 /* Release */,
			);
			defaultConfigurationIsVisible = 0;
			defaultConfigurationName = Release;
		};
		44637E0C1DB792010041EBE7 /* Build configuration list for PBXNativeTarget "DrawingsTest" */ = {
			isa = XCConfigurationList;
			buildConfigurations = (
				44637E0D1DB792010041EBE7 /* Debug */,
				44637E0E1DB792010041EBE7 /* Release */,
			);
			defaultConfigurationIsVisible = 0;
		};
/* End XCConfigurationList section */
	};
	rootObject = 44637DED1DB792010041EBE7 /* Project object */;
}
