// !$*UTF8*$!
{
	archiveVersion = 1;
	classes = {
	};
	objectVersion = 46;
	objects = {

/* Begin PBXBuildFile section */
		44D6DBF71D8AF83800BCA0C2 /* main.m in Sources */ = {isa = PBXBuildFile; fileRef = 44D6DBF61D8AF83800BCA0C2 /* main.m */; };
		44D6DBFA1D8AF83800BCA0C2 /* AppDelegate.m in Sources */ = {isa = PBXBuildFile; fileRef = 44D6DBF91D8AF83800BCA0C2 /* AppDelegate.m */; };
		44D6DBFD1D8AF83800BCA0C2 /* ViewController.m in Sources */ = {isa = PBXBuildFile; fileRef = 44D6DBFC1D8AF83800BCA0C2 /* ViewController.m */; };
		44D6DC001D8AF83800BCA0C2 /* Main.storyboard in Resources */ = {isa = PBXBuildFile; fileRef = 44D6DBFE1D8AF83800BCA0C2 /* Main.storyboard */; };
		44D6DC021D8AF83800BCA0C2 /* Assets.xcassets in Resources */ = {isa = PBXBuildFile; fileRef = 44D6DC011D8AF83800BCA0C2 /* Assets.xcassets */; };
		44D6DC051D8AF83800BCA0C2 /* LaunchScreen.storyboard in Resources */ = {isa = PBXBuildFile; fileRef = 44D6DC031D8AF83800BCA0C2 /* LaunchScreen.storyboard */; };
		44D6DC101D8AF83800BCA0C2 /* ArraysTestTests.m in Sources */ = {isa = PBXBuildFile; fileRef = 44D6DC0F1D8AF83800BCA0C2 /* ArraysTestTests.m */; };
		44D6DC1B1D8AF83800BCA0C2 /* ArraysTestUITests.m in Sources */ = {isa = PBXBuildFile; fileRef = 44D6DC1A1D8AF83800BCA0C2 /* ArraysTestUITests.m */; };
		44D6DC2A1D8B0FD300BCA0C2 /* RTObject.m in Sources */ = {isa = PBXBuildFile; fileRef = 44D6DC291D8B0FD300BCA0C2 /* RTObject.m */; };
		44D6DC2D1D8B144E00BCA0C2 /* RTChild.m in Sources */ = {isa = PBXBuildFile; fileRef = 44D6DC2C1D8B144E00BCA0C2 /* RTChild.m */; };
/* End PBXBuildFile section */

/* Begin PBXContainerItemProxy section */
		44D6DC0C1D8AF83800BCA0C2 /* PBXContainerItemProxy */ = {
			isa = PBXContainerItemProxy;
			containerPortal = 44D6DBEA1D8AF83800BCA0C2 /* Project object */;
			proxyType = 1;
			remoteGlobalIDString = 44D6DBF11D8AF83800BCA0C2;
			remoteInfo = ArraysTest;
		};
		44D6DC171D8AF83800BCA0C2 /* PBXContainerItemProxy */ = {
			isa = PBXContainerItemProxy;
			containerPortal = 44D6DBEA1D8AF83800BCA0C2 /* Project object */;
			proxyType = 1;
			remoteGlobalIDString = 44D6DBF11D8AF83800BCA0C2;
			remoteInfo = ArraysTest;
		};
/* End PBXContainerItemProxy section */

/* Begin PBXFileReference section */
		44D6DBF21D8AF83800BCA0C2 /* ArraysTest.app */ = {isa = PBXFileReference; explicitFileType = wrapper.application; includeInIndex = 0; path = ArraysTest.app; sourceTree = BUILT_PRODUCTS_DIR; };
		44D6DBF61D8AF83800BCA0C2 /* main.m */ = {isa = PBXFileReference; lastKnownFileType = sourcecode.c.objc; path = main.m; sourceTree = "<group>"; };
		44D6DBF81D8AF83800BCA0C2 /* AppDelegate.h */ = {isa = PBXFileReference; lastKnownFileType = sourcecode.c.h; path = AppDelegate.h; sourceTree = "<group>"; };
		44D6DBF91D8AF83800BCA0C2 /* AppDelegate.m */ = {isa = PBXFileReference; lastKnownFileType = sourcecode.c.objc; path = AppDelegate.m; sourceTree = "<group>"; };
		44D6DBFB1D8AF83800BCA0C2 /* ViewController.h */ = {isa = PBXFileReference; lastKnownFileType = sourcecode.c.h; path = ViewController.h; sourceTree = "<group>"; };
		44D6DBFC1D8AF83800BCA0C2 /* ViewController.m */ = {isa = PBXFileReference; lastKnownFileType = sourcecode.c.objc; path = ViewController.m; sourceTree = "<group>"; };
		44D6DBFF1D8AF83800BCA0C2 /* Base */ = {isa = PBXFileReference; lastKnownFileType = file.storyboard; name = Base; path = Base.lproj/Main.storyboard; sourceTree = "<group>"; };
		44D6DC011D8AF83800BCA0C2 /* Assets.xcassets */ = {isa = PBXFileReference; lastKnownFileType = folder.assetcatalog; path = Assets.xcassets; sourceTree = "<group>"; };
		44D6DC041D8AF83800BCA0C2 /* Base */ = {isa = PBXFileReference; lastKnownFileType = file.storyboard; name = Base; path = Base.lproj/LaunchScreen.storyboard; sourceTree = "<group>"; };
		44D6DC061D8AF83800BCA0C2 /* Info.plist */ = {isa = PBXFileReference; lastKnownFileType = text.plist.xml; path = Info.plist; sourceTree = "<group>"; };
		44D6DC0B1D8AF83800BCA0C2 /* ArraysTestTests.xctest */ = {isa = PBXFileReference; explicitFileType = wrapper.cfbundle; includeInIndex = 0; path = ArraysTestTests.xctest; sourceTree = BUILT_PRODUCTS_DIR; };
		44D6DC0F1D8AF83800BCA0C2 /* ArraysTestTests.m */ = {isa = PBXFileReference; lastKnownFileType = sourcecode.c.objc; path = ArraysTestTests.m; sourceTree = "<group>"; };
		44D6DC111D8AF83800BCA0C2 /* Info.plist */ = {isa = PBXFileReference; lastKnownFileType = text.plist.xml; path = Info.plist; sourceTree = "<group>"; };
		44D6DC161D8AF83800BCA0C2 /* ArraysTestUITests.xctest */ = {isa = PBXFileReference; explicitFileType = wrapper.cfbundle; includeInIndex = 0; path = ArraysTestUITests.xctest; sourceTree = BUILT_PRODUCTS_DIR; };
		44D6DC1A1D8AF83800BCA0C2 /* ArraysTestUITests.m */ = {isa = PBXFileReference; lastKnownFileType = sourcecode.c.objc; path = ArraysTestUITests.m; sourceTree = "<group>"; };
		44D6DC1C1D8AF83800BCA0C2 /* Info.plist */ = {isa = PBXFileReference; lastKnownFileType = text.plist.xml; path = Info.plist; sourceTree = "<group>"; };
		44D6DC281D8B0FD300BCA0C2 /* RTObject.h */ = {isa = PBXFileReference; fileEncoding = 4; lastKnownFileType = sourcecode.c.h; path = RTObject.h; sourceTree = "<group>"; };
		44D6DC291D8B0FD300BCA0C2 /* RTObject.m */ = {isa = PBXFileReference; fileEncoding = 4; lastKnownFileType = sourcecode.c.objc; path = RTObject.m; sourceTree = "<group>"; };
		44D6DC2B1D8B144E00BCA0C2 /* RTChild.h */ = {isa = PBXFileReference; fileEncoding = 4; lastKnownFileType = sourcecode.c.h; path = RTChild.h; sourceTree = "<group>"; };
		44D6DC2C1D8B144E00BCA0C2 /* RTChild.m */ = {isa = PBXFileReference; fileEncoding = 4; lastKnownFileType = sourcecode.c.objc; path = RTChild.m; sourceTree = "<group>"; };
/* End PBXFileReference section */

/* Begin PBXFrameworksBuildPhase section */
		44D6DBEF1D8AF83800BCA0C2 /* Frameworks */ = {
			isa = PBXFrameworksBuildPhase;
			buildActionMask = 2147483647;
			files = (
			);
			runOnlyForDeploymentPostprocessing = 0;
		};
		44D6DC081D8AF83800BCA0C2 /* Frameworks */ = {
			isa = PBXFrameworksBuildPhase;
			buildActionMask = 2147483647;
			files = (
			);
			runOnlyForDeploymentPostprocessing = 0;
		};
		44D6DC131D8AF83800BCA0C2 /* Frameworks */ = {
			isa = PBXFrameworksBuildPhase;
			buildActionMask = 2147483647;
			files = (
			);
			runOnlyForDeploymentPostprocessing = 0;
		};
/* End PBXFrameworksBuildPhase section */

/* Begin PBXGroup section */
		44D6DBE91D8AF83800BCA0C2 = {
			isa = PBXGroup;
			children = (
				44D6DBF41D8AF83800BCA0C2 /* ArraysTest */,
				44D6DC0E1D8AF83800BCA0C2 /* ArraysTestTests */,
				44D6DC191D8AF83800BCA0C2 /* ArraysTestUITests */,
				44D6DBF31D8AF83800BCA0C2 /* Products */,
			);
			sourceTree = "<group>";
		};
		44D6DBF31D8AF83800BCA0C2 /* Products */ = {
			isa = PBXGroup;
			children = (
				44D6DBF21D8AF83800BCA0C2 /* ArraysTest.app */,
				44D6DC0B1D8AF83800BCA0C2 /* ArraysTestTests.xctest */,
				44D6DC161D8AF83800BCA0C2 /* ArraysTestUITests.xctest */,
			);
			name = Products;
			sourceTree = "<group>";
		};
		44D6DBF41D8AF83800BCA0C2 /* ArraysTest */ = {
			isa = PBXGroup;
			children = (
				44D6DC2B1D8B144E00BCA0C2 /* RTChild.h */,
				44D6DC2C1D8B144E00BCA0C2 /* RTChild.m */,
				44D6DC281D8B0FD300BCA0C2 /* RTObject.h */,
				44D6DC291D8B0FD300BCA0C2 /* RTObject.m */,
				44D6DBF81D8AF83800BCA0C2 /* AppDelegate.h */,
				44D6DBF91D8AF83800BCA0C2 /* AppDelegate.m */,
				44D6DBFB1D8AF83800BCA0C2 /* ViewController.h */,
				44D6DBFC1D8AF83800BCA0C2 /* ViewController.m */,
				44D6DBFE1D8AF83800BCA0C2 /* Main.storyboard */,
				44D6DC011D8AF83800BCA0C2 /* Assets.xcassets */,
				44D6DC031D8AF83800BCA0C2 /* LaunchScreen.storyboard */,
				44D6DC061D8AF83800BCA0C2 /* Info.plist */,
				44D6DBF51D8AF83800BCA0C2 /* Supporting Files */,
			);
			path = ArraysTest;
			sourceTree = "<group>";
		};
		44D6DBF51D8AF83800BCA0C2 /* Supporting Files */ = {
			isa = PBXGroup;
			children = (
				44D6DBF61D8AF83800BCA0C2 /* main.m */,
			);
			name = "Supporting Files";
			sourceTree = "<group>";
		};
		44D6DC0E1D8AF83800BCA0C2 /* ArraysTestTests */ = {
			isa = PBXGroup;
			children = (
				44D6DC0F1D8AF83800BCA0C2 /* ArraysTestTests.m */,
				44D6DC111D8AF83800BCA0C2 /* Info.plist */,
			);
			path = ArraysTestTests;
			sourceTree = "<group>";
		};
		44D6DC191D8AF83800BCA0C2 /* ArraysTestUITests */ = {
			isa = PBXGroup;
			children = (
				44D6DC1A1D8AF83800BCA0C2 /* ArraysTestUITests.m */,
				44D6DC1C1D8AF83800BCA0C2 /* Info.plist */,
			);
			path = ArraysTestUITests;
			sourceTree = "<group>";
		};
/* End PBXGroup section */

/* Begin PBXNativeTarget section */
		44D6DBF11D8AF83800BCA0C2 /* ArraysTest */ = {
			isa = PBXNativeTarget;
			buildConfigurationList = 44D6DC1F1D8AF83800BCA0C2 /* Build configuration list for PBXNativeTarget "ArraysTest" */;
			buildPhases = (
				44D6DBEE1D8AF83800BCA0C2 /* Sources */,
				44D6DBEF1D8AF83800BCA0C2 /* Frameworks */,
				44D6DBF01D8AF83800BCA0C2 /* Resources */,
			);
			buildRules = (
			);
			dependencies = (
			);
			name = ArraysTest;
			productName = ArraysTest;
			productReference = 44D6DBF21D8AF83800BCA0C2 /* ArraysTest.app */;
			productType = "com.apple.product-type.application";
		};
		44D6DC0A1D8AF83800BCA0C2 /* ArraysTestTests */ = {
			isa = PBXNativeTarget;
			buildConfigurationList = 44D6DC221D8AF83800BCA0C2 /* Build configuration list for PBXNativeTarget "ArraysTestTests" */;
			buildPhases = (
				44D6DC071D8AF83800BCA0C2 /* Sources */,
				44D6DC081D8AF83800BCA0C2 /* Frameworks */,
				44D6DC091D8AF83800BCA0C2 /* Resources */,
			);
			buildRules = (
			);
			dependencies = (
				44D6DC0D1D8AF83800BCA0C2 /* PBXTargetDependency */,
			);
			name = ArraysTestTests;
			productName = ArraysTestTests;
			productReference = 44D6DC0B1D8AF83800BCA0C2 /* ArraysTestTests.xctest */;
			productType = "com.apple.product-type.bundle.unit-test";
		};
		44D6DC151D8AF83800BCA0C2 /* ArraysTestUITests */ = {
			isa = PBXNativeTarget;
			buildConfigurationList = 44D6DC251D8AF83800BCA0C2 /* Build configuration list for PBXNativeTarget "ArraysTestUITests" */;
			buildPhases = (
				44D6DC121D8AF83800BCA0C2 /* Sources */,
				44D6DC131D8AF83800BCA0C2 /* Frameworks */,
				44D6DC141D8AF83800BCA0C2 /* Resources */,
			);
			buildRules = (
			);
			dependencies = (
				44D6DC181D8AF83800BCA0C2 /* PBXTargetDependency */,
			);
			name = ArraysTestUITests;
			productName = ArraysTestUITests;
			productReference = 44D6DC161D8AF83800BCA0C2 /* ArraysTestUITests.xctest */;
			productType = "com.apple.product-type.bundle.ui-testing";
		};
/* End PBXNativeTarget section */

/* Begin PBXProject section */
		44D6DBEA1D8AF83800BCA0C2 /* Project object */ = {
			isa = PBXProject;
			attributes = {
				LastUpgradeCheck = 0720;
				ORGANIZATIONNAME = "Ruslan Timchenko";
				TargetAttributes = {
					44D6DBF11D8AF83800BCA0C2 = {
						CreatedOnToolsVersion = 7.2.1;
					};
					44D6DC0A1D8AF83800BCA0C2 = {
						CreatedOnToolsVersion = 7.2.1;
						TestTargetID = 44D6DBF11D8AF83800BCA0C2;
					};
					44D6DC151D8AF83800BCA0C2 = {
						CreatedOnToolsVersion = 7.2.1;
						TestTargetID = 44D6DBF11D8AF83800BCA0C2;
					};
				};
			};
			buildConfigurationList = 44D6DBED1D8AF83800BCA0C2 /* Build configuration list for PBXProject "ArraysTest" */;
			compatibilityVersion = "Xcode 3.2";
			developmentRegion = English;
			hasScannedForEncodings = 0;
			knownRegions = (
				en,
				Base,
			);
			mainGroup = 44D6DBE91D8AF83800BCA0C2;
			productRefGroup = 44D6DBF31D8AF83800BCA0C2 /* Products */;
			projectDirPath = "";
			projectRoot = "";
			targets = (
				44D6DBF11D8AF83800BCA0C2 /* ArraysTest */,
				44D6DC0A1D8AF83800BCA0C2 /* ArraysTestTests */,
				44D6DC151D8AF83800BCA0C2 /* ArraysTestUITests */,
			);
		};
/* End PBXProject section */

/* Begin PBXResourcesBuildPhase section */
		44D6DBF01D8AF83800BCA0C2 /* Resources */ = {
			isa = PBXResourcesBuildPhase;
			buildActionMask = 2147483647;
			files = (
				44D6DC051D8AF83800BCA0C2 /* LaunchScreen.storyboard in Resources */,
				44D6DC021D8AF83800BCA0C2 /* Assets.xcassets in Resources */,
				44D6DC001D8AF83800BCA0C2 /* Main.storyboard in Resources */,
			);
			runOnlyForDeploymentPostprocessing = 0;
		};
		44D6DC091D8AF83800BCA0C2 /* Resources */ = {
			isa = PBXResourcesBuildPhase;
			buildActionMask = 2147483647;
			files = (
			);
			runOnlyForDeploymentPostprocessing = 0;
		};
		44D6DC141D8AF83800BCA0C2 /* Resources */ = {
			isa = PBXResourcesBuildPhase;
			buildActionMask = 2147483647;
			files = (
			);
			runOnlyForDeploymentPostprocessing = 0;
		};
/* End PBXResourcesBuildPhase section */

/* Begin PBXSourcesBuildPhase section */
		44D6DBEE1D8AF83800BCA0C2 /* Sources */ = {
			isa = PBXSourcesBuildPhase;
			buildActionMask = 2147483647;
			files = (
				44D6DBFD1D8AF83800BCA0C2 /* ViewController.m in Sources */,
				44D6DBFA1D8AF83800BCA0C2 /* AppDelegate.m in Sources */,
				44D6DC2A1D8B0FD300BCA0C2 /* RTObject.m in Sources */,
				44D6DC2D1D8B144E00BCA0C2 /* RTChild.m in Sources */,
				44D6DBF71D8AF83800BCA0C2 /* main.m in Sources */,
			);
			runOnlyForDeploymentPostprocessing = 0;
		};
		44D6DC071D8AF83800BCA0C2 /* Sources */ = {
			isa = PBXSourcesBuildPhase;
			buildActionMask = 2147483647;
			files = (
				44D6DC101D8AF83800BCA0C2 /* ArraysTestTests.m in Sources */,
			);
			runOnlyForDeploymentPostprocessing = 0;
		};
		44D6DC121D8AF83800BCA0C2 /* Sources */ = {
			isa = PBXSourcesBuildPhase;
			buildActionMask = 2147483647;
			files = (
				44D6DC1B1D8AF83800BCA0C2 /* ArraysTestUITests.m in Sources */,
			);
			runOnlyForDeploymentPostprocessing = 0;
		};
/* End PBXSourcesBuildPhase section */

/* Begin PBXTargetDependency section */
		44D6DC0D1D8AF83800BCA0C2 /* PBXTargetDependency */ = {
			isa = PBXTargetDependency;
			target = 44D6DBF11D8AF83800BCA0C2 /* ArraysTest */;
			targetProxy = 44D6DC0C1D8AF83800BCA0C2 /* PBXContainerItemProxy */;
		};
		44D6DC181D8AF83800BCA0C2 /* PBXTargetDependency */ = {
			isa = PBXTargetDependency;
			target = 44D6DBF11D8AF83800BCA0C2 /* ArraysTest */;
			targetProxy = 44D6DC171D8AF83800BCA0C2 /* PBXContainerItemProxy */;
		};
/* End PBXTargetDependency section */

/* Begin PBXVariantGroup section */
		44D6DBFE1D8AF83800BCA0C2 /* Main.storyboard */ = {
			isa = PBXVariantGroup;
			children = (
				44D6DBFF1D8AF83800BCA0C2 /* Base */,
			);
			name = Main.storyboard;
			sourceTree = "<group>";
		};
		44D6DC031D8AF83800BCA0C2 /* LaunchScreen.storyboard */ = {
			isa = PBXVariantGroup;
			children = (
				44D6DC041D8AF83800BCA0C2 /* Base */,
			);
			name = LaunchScreen.storyboard;
			sourceTree = "<group>";
		};
/* End PBXVariantGroup section */

/* Begin XCBuildConfiguration section */
		44D6DC1D1D8AF83800BCA0C2 /* Debug */ = {
			isa = XCBuildConfiguration;
			buildSettings = {
				ALWAYS_SEARCH_USER_PATHS = NO;
				CLANG_CXX_LANGUAGE_STANDARD = "gnu++0x";
				CLANG_CXX_LIBRARY = "libc++";
				CLANG_ENABLE_MODULES = YES;
				CLANG_ENABLE_OBJC_ARC = YES;
				CLANG_WARN_BOOL_CONVERSION = YES;
				CLANG_WARN_CONSTANT_CONVERSION = YES;
				CLANG_WARN_DIRECT_OBJC_ISA_USAGE = YES_ERROR;
				CLANG_WARN_EMPTY_BODY = YES;
				CLANG_WARN_ENUM_CONVERSION = YES;
				CLANG_WARN_INT_CONVERSION = YES;
				CLANG_WARN_OBJC_ROOT_CLASS = YES_ERROR;
				CLANG_WARN_UNREACHABLE_CODE = YES;
				CLANG_WARN__DUPLICATE_METHOD_MATCH = YES;
				"CODE_SIGN_IDENTITY[sdk=iphoneos*]" = "iPhone Developer";
				COPY_PHASE_STRIP = NO;
				DEBUG_INFORMATION_FORMAT = dwarf;
				ENABLE_STRICT_OBJC_MSGSEND = YES;
				ENABLE_TESTABILITY = YES;
				GCC_C_LANGUAGE_STANDARD = gnu99;
				GCC_DYNAMIC_NO_PIC = NO;
				GCC_NO_COMMON_BLOCKS = YES;
				GCC_OPTIMIZATION_LEVEL = 0;
				GCC_PREPROCESSOR_DEFINITIONS = (
					"DEBUG=1",
					"$(inherited)",
				);
				GCC_WARN_64_TO_32_BIT_CONVERSION = YES;
				GCC_WARN_ABOUT_RETURN_TYPE = YES_ERROR;
				GCC_WARN_UNDECLARED_SELECTOR = YES;
				GCC_WARN_UNINITIALIZED_AUTOS = YES_AGGRESSIVE;
				GCC_WARN_UNUSED_FUNCTION = YES;
				GCC_WARN_UNUSED_VARIABLE = YES;
				IPHONEOS_DEPLOYMENT_TARGET = 9.2;
				MTL_ENABLE_DEBUG_INFO = YES;
				ONLY_ACTIVE_ARCH = YES;
				SDKROOT = iphoneos;
				TARGETED_DEVICE_FAMILY = "1,2";
			};
			name = Debug;
		};
		44D6DC1E1D8AF83800BCA0C2 /* Release */ = {
			isa = XCBuildConfiguration;
			buildSettings = {
				ALWAYS_SEARCH_USER_PATHS = NO;
				CLANG_CXX_LANGUAGE_STANDARD = "gnu++0x";
				CLANG_CXX_LIBRARY = "libc++";
				CLANG_ENABLE_MODULES = YES;
				CLANG_ENABLE_OBJC_ARC = YES;
				CLANG_WARN_BOOL_CONVERSION = YES;
				CLANG_WARN_CONSTANT_CONVERSION = YES;
				CLANG_WARN_DIRECT_OBJC_ISA_USAGE = YES_ERROR;
				CLANG_WARN_EMPTY_BODY = YES;
				CLANG_WARN_ENUM_CONVERSION = YES;
				CLANG_WARN_INT_CONVERSION = YES;
				CLANG_WARN_OBJC_ROOT_CLASS = YES_ERROR;
				CLANG_WARN_UNREACHABLE_CODE = YES;
				CLANG_WARN__DUPLICATE_METHOD_MATCH = YES;
				"CODE_SIGN_IDENTITY[sdk=iphoneos*]" = "iPhone Developer";
				COPY_PHASE_STRIP = NO;
				DEBUG_INFORMATION_FORMAT = "dwarf-with-dsym";
				ENABLE_NS_ASSERTIONS = NO;
				ENABLE_STRICT_OBJC_MSGSEND = YES;
				GCC_C_LANGUAGE_STANDARD = gnu99;
				GCC_NO_COMMON_BLOCKS = YES;
				GCC_WARN_64_TO_32_BIT_CONVERSION = YES;
				GCC_WARN_ABOUT_RETURN_TYPE = YES_ERROR;
				GCC_WARN_UNDECLARED_SELECTOR = YES;
				GCC_WARN_UNINITIALIZED_AUTOS = YES_AGGRESSIVE;
				GCC_WARN_UNUSED_FUNCTION = YES;
				GCC_WARN_UNUSED_VARIABLE = YES;
				IPHONEOS_DEPLOYMENT_TARGET = 9.2;
				MTL_ENABLE_DEBUG_INFO = NO;
				SDKROOT = iphoneos;
				TARGETED_DEVICE_FAMILY = "1,2";
				VALIDATE_PRODUCT = YES;
			};
			name = Release;
		};
		44D6DC201D8AF83800BCA0C2 /* Debug */ = {
			isa = XCBuildConfiguration;
			buildSettings = {
				ASSETCATALOG_COMPILER_APPICON_NAME = AppIcon;
				INFOPLIST_FILE = ArraysTest/Info.plist;
				LD_RUNPATH_SEARCH_PATHS = "$(inherited) @executable_path/Frameworks";
				PRODUCT_BUNDLE_IDENTIFIER = RT.ArraysTest;
				PRODUCT_NAME = "$(TARGET_NAME)";
			};
			name = Debug;
		};
		44D6DC211D8AF83800BCA0C2 /* Release */ = {
			isa = XCBuildConfiguration;
			buildSettings = {
				ASSETCATALOG_COMPILER_APPICON_NAME = AppIcon;
				INFOPLIST_FILE = ArraysTest/Info.plist;
				LD_RUNPATH_SEARCH_PATHS = "$(inherited) @executable_path/Frameworks";
				PRODUCT_BUNDLE_IDENTIFIER = RT.ArraysTest;
				PRODUCT_NAME = "$(TARGET_NAME)";
			};
			name = Release;
		};
		44D6DC231D8AF83800BCA0C2 /* Debug */ = {
			isa = XCBuildConfiguration;
			buildSettings = {
				BUNDLE_LOADER = "$(TEST_HOST)";
				INFOPLIST_FILE = ArraysTestTests/Info.plist;
				LD_RUNPATH_SEARCH_PATHS = "$(inherited) @executable_path/Frameworks @loader_path/Frameworks";
				PRODUCT_BUNDLE_IDENTIFIER = RT.ArraysTestTests;
				PRODUCT_NAME = "$(TARGET_NAME)";
				TEST_HOST = "$(BUILT_PRODUCTS_DIR)/ArraysTest.app/ArraysTest";
			};
			name = Debug;
		};
		44D6DC241D8AF83800BCA0C2 /* Release */ = {
			isa = XCBuildConfiguration;
			buildSettings = {
				BUNDLE_LOADER = "$(TEST_HOST)";
				INFOPLIST_FILE = ArraysTestTests/Info.plist;
				LD_RUNPATH_SEARCH_PATHS = "$(inherited) @executable_path/Frameworks @loader_path/Frameworks";
				PRODUCT_BUNDLE_IDENTIFIER = RT.ArraysTestTests;
				PRODUCT_NAME = "$(TARGET_NAME)";
				TEST_HOST = "$(BUILT_PRODUCTS_DIR)/ArraysTest.app/ArraysTest";
			};
			name = Release;
		};
		44D6DC261D8AF83800BCA0C2 /* Debug */ = {
			isa = XCBuildConfiguration;
			buildSettings = {
				INFOPLIST_FILE = ArraysTestUITests/Info.plist;
				LD_RUNPATH_SEARCH_PATHS = "$(inherited) @executable_path/Frameworks @loader_path/Frameworks";
				PRODUCT_BUNDLE_IDENTIFIER = RT.ArraysTestUITests;
				PRODUCT_NAME = "$(TARGET_NAME)";
				TEST_TARGET_NAME = ArraysTest;
				USES_XCTRUNNER = YES;
			};
			name = Debug;
		};
		44D6DC271D8AF83800BCA0C2 /* Release */ = {
			isa = XCBuildConfiguration;
			buildSettings = {
				INFOPLIST_FILE = ArraysTestUITests/Info.plist;
				LD_RUNPATH_SEARCH_PATHS = "$(inherited) @executable_path/Frameworks @loader_path/Frameworks";
				PRODUCT_BUNDLE_IDENTIFIER = RT.ArraysTestUITests;
				PRODUCT_NAME = "$(TARGET_NAME)";
				TEST_TARGET_NAME = ArraysTest;
				USES_XCTRUNNER = YES;
			};
			name = Release;
		};
/* End XCBuildConfiguration section */

/* Begin XCConfigurationList section */
		44D6DBED1D8AF83800BCA0C2 /* Build configuration list for PBXProject "ArraysTest" */ = {
			isa = XCConfigurationList;
			buildConfigurations = (
				44D6DC1D1D8AF83800BCA0C2 /* Debug */,
				44D6DC1E1D8AF83800BCA0C2 /* Release */,
			);
			defaultConfigurationIsVisible = 0;
			defaultConfigurationName = Release;
		};
		44D6DC1F1D8AF83800BCA0C2 /* Build configuration list for PBXNativeTarget "ArraysTest" */ = {
			isa = XCConfigurationList;
			buildConfigurations = (
				44D6DC201D8AF83800BCA0C2 /* Debug */,
				44D6DC211D8AF83800BCA0C2 /* Release */,
			);
			defaultConfigurationIsVisible = 0;
		};
		44D6DC221D8AF83800BCA0C2 /* Build configuration list for PBXNativeTarget "ArraysTestTests" */ = {
			isa = XCConfigurationList;
			buildConfigurations = (
				44D6DC231D8AF83800BCA0C2 /* Debug */,
				44D6DC241D8AF83800BCA0C2 /* Release */,
			);
			defaultConfigurationIsVisible = 0;
		};
		44D6DC251D8AF83800BCA0C2 /* Build configuration list for PBXNativeTarget "ArraysTestUITests" */ = {
			isa = XCConfigurationList;
			buildConfigurations = (
				44D6DC261D8AF83800BCA0C2 /* Debug */,
				44D6DC271D8AF83800BCA0C2 /* Release */,
			);
			defaultConfigurationIsVisible = 0;
		};
/* End XCConfigurationList section */
	};
	rootObject = 44D6DBEA1D8AF83800BCA0C2 /* Project object */;
}
