// !$*UTF8*$!
{
	archiveVersion = 1;
	classes = {
	};
	objectVersion = 46;
	objects = {

/* Begin PBXBuildFile section */
		4443A3EE1DA1488D00398F89 /* main.m in Sources */ = {isa = PBXBuildFile; fileRef = 4443A3ED1DA1488D00398F89 /* main.m */; };
		4443A3F11DA1488D00398F89 /* AppDelegate.m in Sources */ = {isa = PBXBuildFile; fileRef = 4443A3F01DA1488D00398F89 /* AppDelegate.m */; };
		4443A3F41DA1488D00398F89 /* ViewController.m in Sources */ = {isa = PBXBuildFile; fileRef = 4443A3F31DA1488D00398F89 /* ViewController.m */; };
		4443A3F71DA1488D00398F89 /* Main.storyboard in Resources */ = {isa = PBXBuildFile; fileRef = 4443A3F51DA1488D00398F89 /* Main.storyboard */; };
		4443A3F91DA1488D00398F89 /* Assets.xcassets in Resources */ = {isa = PBXBuildFile; fileRef = 4443A3F81DA1488D00398F89 /* Assets.xcassets */; };
		4443A3FC1DA1488D00398F89 /* LaunchScreen.storyboard in Resources */ = {isa = PBXBuildFile; fileRef = 4443A3FA1DA1488D00398F89 /* LaunchScreen.storyboard */; };
/* End PBXBuildFile section */

/* Begin PBXFileReference section */
		4443A3E91DA1488D00398F89 /* StringsTest.app */ = {isa = PBXFileReference; explicitFileType = wrapper.application; includeInIndex = 0; path = StringsTest.app; sourceTree = BUILT_PRODUCTS_DIR; };
		4443A3ED1DA1488D00398F89 /* main.m */ = {isa = PBXFileReference; lastKnownFileType = sourcecode.c.objc; path = main.m; sourceTree = "<group>"; };
		4443A3EF1DA1488D00398F89 /* AppDelegate.h */ = {isa = PBXFileReference; lastKnownFileType = sourcecode.c.h; path = AppDelegate.h; sourceTree = "<group>"; };
		4443A3F01DA1488D00398F89 /* AppDelegate.m */ = {isa = PBXFileReference; lastKnownFileType = sourcecode.c.objc; path = AppDelegate.m; sourceTree = "<group>"; };
		4443A3F21DA1488D00398F89 /* ViewController.h */ = {isa = PBXFileReference; lastKnownFileType = sourcecode.c.h; path = ViewController.h; sourceTree = "<group>"; };
		4443A3F31DA1488D00398F89 /* ViewController.m */ = {isa = PBXFileReference; lastKnownFileType = sourcecode.c.objc; path = ViewController.m; sourceTree = "<group>"; };
		4443A3F61DA1488D00398F89 /* Base */ = {isa = PBXFileReference; lastKnownFileType = file.storyboard; name = Base; path = Base.lproj/Main.storyboard; sourceTree = "<group>"; };
		4443A3F81DA1488D00398F89 /* Assets.xcassets */ = {isa = PBXFileReference; lastKnownFileType = folder.assetcatalog; path = Assets.xcassets; sourceTree = "<group>"; };
		4443A3FB1DA1488D00398F89 /* Base */ = {isa = PBXFileReference; lastKnownFileType = file.storyboard; name = Base; path = Base.lproj/LaunchScreen.storyboard; sourceTree = "<group>"; };
		4443A3FD1DA1488D00398F89 /* Info.plist */ = {isa = PBXFileReference; lastKnownFileType = text.plist.xml; path = Info.plist; sourceTree = "<group>"; };
/* End PBXFileReference section */

/* Begin PBXFrameworksBuildPhase section */
		4443A3E61DA1488D00398F89 /* Frameworks */ = {
			isa = PBXFrameworksBuildPhase;
			buildActionMask = 2147483647;
			files = (
			);
			runOnlyForDeploymentPostprocessing = 0;
		};
/* End PBXFrameworksBuildPhase section */

/* Begin PBXGroup section */
		4443A3E01DA1488D00398F89 = {
			isa = PBXGroup;
			children = (
				4443A3EB1DA1488D00398F89 /* StringsTest */,
				4443A3EA1DA1488D00398F89 /* Products */,
			);
			sourceTree = "<group>";
		};
		4443A3EA1DA1488D00398F89 /* Products */ = {
			isa = PBXGroup;
			children = (
				4443A3E91DA1488D00398F89 /* StringsTest.app */,
			);
			name = Products;
			sourceTree = "<group>";
		};
		4443A3EB1DA1488D00398F89 /* StringsTest */ = {
			isa = PBXGroup;
			children = (
				4443A3EF1DA1488D00398F89 /* AppDelegate.h */,
				4443A3F01DA1488D00398F89 /* AppDelegate.m */,
				4443A3F21DA1488D00398F89 /* ViewController.h */,
				4443A3F31DA1488D00398F89 /* ViewController.m */,
				4443A3F51DA1488D00398F89 /* Main.storyboard */,
				4443A3F81DA1488D00398F89 /* Assets.xcassets */,
				4443A3FA1DA1488D00398F89 /* LaunchScreen.storyboard */,
				4443A3FD1DA1488D00398F89 /* Info.plist */,
				4443A3EC1DA1488D00398F89 /* Supporting Files */,
			);
			path = StringsTest;
			sourceTree = "<group>";
		};
		4443A3EC1DA1488D00398F89 /* Supporting Files */ = {
			isa = PBXGroup;
			children = (
				4443A3ED1DA1488D00398F89 /* main.m */,
			);
			name = "Supporting Files";
			sourceTree = "<group>";
		};
/* End PBXGroup section */

/* Begin PBXNativeTarget section */
		4443A3E81DA1488D00398F89 /* StringsTest */ = {
			isa = PBXNativeTarget;
			buildConfigurationList = 4443A4001DA1488D00398F89 /* Build configuration list for PBXNativeTarget "StringsTest" */;
			buildPhases = (
				4443A3E51DA1488D00398F89 /* Sources */,
				4443A3E61DA1488D00398F89 /* Frameworks */,
				4443A3E71DA1488D00398F89 /* Resources */,
			);
			buildRules = (
			);
			dependencies = (
			);
			name = StringsTest;
			productName = StringsTest;
			productReference = 4443A3E91DA1488D00398F89 /* StringsTest.app */;
			productType = "com.apple.product-type.application";
		};
/* End PBXNativeTarget section */

/* Begin PBXProject section */
		4443A3E11DA1488D00398F89 /* Project object */ = {
			isa = PBXProject;
			attributes = {
				CLASSPREFIX = RT;
				LastUpgradeCheck = 0800;
				ORGANIZATIONNAME = "Ruslan Timchenko";
				TargetAttributes = {
					4443A3E81DA1488D00398F89 = {
						CreatedOnToolsVersion = 8.0;
						ProvisioningStyle = Automatic;
					};
				};
			};
			buildConfigurationList = 4443A3E41DA1488D00398F89 /* Build configuration list for PBXProject "StringsTest" */;
			compatibilityVersion = "Xcode 3.2";
			developmentRegion = English;
			hasScannedForEncodings = 0;
			knownRegions = (
				en,
				Base,
			);
			mainGroup = 4443A3E01DA1488D00398F89;
			productRefGroup = 4443A3EA1DA1488D00398F89 /* Products */;
			projectDirPath = "";
			projectRoot = "";
			targets = (
				4443A3E81DA1488D00398F89 /* StringsTest */,
			);
		};
/* End PBXProject section */

/* Begin PBXResourcesBuildPhase section */
		4443A3E71DA1488D00398F89 /* Resources */ = {
			isa = PBXResourcesBuildPhase;
			buildActionMask = 2147483647;
			files = (
				4443A3FC1DA1488D00398F89 /* LaunchScreen.storyboard in Resources */,
				4443A3F91DA1488D00398F89 /* Assets.xcassets in Resources */,
				4443A3F71DA1488D00398F89 /* Main.storyboard in Resources */,
			);
			runOnlyForDeploymentPostprocessing = 0;
		};
/* End PBXResourcesBuildPhase section */

/* Begin PBXSourcesBuildPhase section */
		4443A3E51DA1488D00398F89 /* Sources */ = {
			isa = PBXSourcesBuildPhase;
			buildActionMask = 2147483647;
			files = (
				4443A3F41DA1488D00398F89 /* ViewController.m in Sources */,
				4443A3F11DA1488D00398F89 /* AppDelegate.m in Sources */,
				4443A3EE1DA1488D00398F89 /* main.m in Sources */,
			);
			runOnlyForDeploymentPostprocessing = 0;
		};
/* End PBXSourcesBuildPhase section */

/* Begin PBXVariantGroup section */
		4443A3F51DA1488D00398F89 /* Main.storyboard */ = {
			isa = PBXVariantGroup;
			children = (
				4443A3F61DA1488D00398F89 /* Base */,
			);
			name = Main.storyboard;
			sourceTree = "<group>";
		};
		4443A3FA1DA1488D00398F89 /* LaunchScreen.storyboard */ = {
			isa = PBXVariantGroup;
			children = (
				4443A3FB1DA1488D00398F89 /* Base */,
			);
			name = LaunchScreen.storyboard;
			sourceTree = "<group>";
		};
/* End PBXVariantGroup section */

/* Begin XCBuildConfiguration section */
		4443A3FE1DA1488D00398F89 /* Debug */ = {
			isa = XCBuildConfiguration;
			buildSettings = {
				ALWAYS_SEARCH_USER_PATHS = NO;
				CLANG_ANALYZER_NONNULL = YES;
				CLANG_CXX_LANGUAGE_STANDARD = "gnu++0x";
				CLANG_CXX_LIBRARY = "libc++";
				CLANG_ENABLE_MODULES = YES;
				CLANG_ENABLE_OBJC_ARC = YES;
				CLANG_WARN_BOOL_CONVERSION = YES;
				CLANG_WARN_CONSTANT_CONVERSION = YES;
				CLANG_WARN_DIRECT_OBJC_ISA_USAGE = YES_ERROR;
				CLANG_WARN_DOCUMENTATION_COMMENTS = YES;
				CLANG_WARN_EMPTY_BODY = YES;
				CLANG_WARN_ENUM_CONVERSION = YES;
				CLANG_WARN_INFINITE_RECURSION = YES;
				CLANG_WARN_INT_CONVERSION = YES;
				CLANG_WARN_OBJC_ROOT_CLASS = YES_ERROR;
				CLANG_WARN_SUSPICIOUS_MOVES = YES;
				CLANG_WARN_UNREACHABLE_CODE = YES;
				CLANG_WARN__DUPLICATE_METHOD_MATCH = YES;
				"CODE_SIGN_IDENTITY[sdk=iphoneos*]" = "iPhone Developer";
				COPY_PHASE_STRIP = NO;
				DEBUG_INFORMATION_FORMAT = dwarf;
				ENABLE_STRICT_OBJC_MSGSEND = YES;
				ENABLE_TESTABILITY = YES;
				GCC_C_LANGUAGE_STANDARD = gnu99;
				GCC_DYNAMIC_NO_PIC = NO;
				GCC_NO_COMMON_BLOCKS = YES;
				GCC_OPTIMIZATION_LEVEL = 0;
				GCC_PREPROCESSOR_DEFINITIONS = (
					"DEBUG=1",
					"$(inherited)",
				);
				GCC_WARN_64_TO_32_BIT_CONVERSION = YES;
				GCC_WARN_ABOUT_RETURN_TYPE = YES_ERROR;
				GCC_WARN_UNDECLARED_SELECTOR = YES;
				GCC_WARN_UNINITIALIZED_AUTOS = YES_AGGRESSIVE;
				GCC_WARN_UNUSED_FUNCTION = YES;
				GCC_WARN_UNUSED_VARIABLE = YES;
				IPHONEOS_DEPLOYMENT_TARGET = 10.0;
				MTL_ENABLE_DEBUG_INFO = YES;
				ONLY_ACTIVE_ARCH = YES;
				SDKROOT = iphoneos;
			};
			name = Debug;
		};
		4443A3FF1DA1488D00398F89 /* Release */ = {
			isa = XCBuildConfiguration;
			buildSettings = {
				ALWAYS_SEARCH_USER_PATHS = NO;
				CLANG_ANALYZER_NONNULL = YES;
				CLANG_CXX_LANGUAGE_STANDARD = "gnu++0x";
				CLANG_CXX_LIBRARY = "libc++";
				CLANG_ENABLE_MODULES = YES;
				CLANG_ENABLE_OBJC_ARC = YES;
				CLANG_WARN_BOOL_CONVERSION = YES;
				CLANG_WARN_CONSTANT_CONVERSION = YES;
				CLANG_WARN_DIRECT_OBJC_ISA_USAGE = YES_ERROR;
				CLANG_WARN_DOCUMENTATION_COMMENTS = YES;
				CLANG_WARN_EMPTY_BODY = YES;
				CLANG_WARN_ENUM_CONVERSION = YES;
				CLANG_WARN_INFINITE_RECURSION = YES;
				CLANG_WARN_INT_CONVERSION = YES;
				CLANG_WARN_OBJC_ROOT_CLASS = YES_ERROR;
				CLANG_WARN_SUSPICIOUS_MOVES = YES;
				CLANG_WARN_UNREACHABLE_CODE = YES;
				CLANG_WARN__DUPLICATE_METHOD_MATCH = YES;
				"CODE_SIGN_IDENTITY[sdk=iphoneos*]" = "iPhone Developer";
				COPY_PHASE_STRIP = NO;
				DEBUG_INFORMATION_FORMAT = "dwarf-with-dsym";
				ENABLE_NS_ASSERTIONS = NO;
				ENABLE_STRICT_OBJC_MSGSEND = YES;
				GCC_C_LANGUAGE_STANDARD = gnu99;
				GCC_NO_COMMON_BLOCKS = YES;
				GCC_WARN_64_TO_32_BIT_CONVERSION = YES;
				GCC_WARN_ABOUT_RETURN_TYPE = YES_ERROR;
				GCC_WARN_UNDECLARED_SELECTOR = YES;
				GCC_WARN_UNINITIALIZED_AUTOS = YES_AGGRESSIVE;
				GCC_WARN_UNUSED_FUNCTION = YES;
				GCC_WARN_UNUSED_VARIABLE = YES;
				IPHONEOS_DEPLOYMENT_TARGET = 10.0;
				MTL_ENABLE_DEBUG_INFO = NO;
				SDKROOT = iphoneos;
				VALIDATE_PRODUCT = YES;
			};
			name = Release;
		};
		4443A4011DA1488D00398F89 /* Debug */ = {
			isa = XCBuildConfiguration;
			buildSettings = {
				ASSETCATALOG_COMPILER_APPICON_NAME = AppIcon;
				INFOPLIST_FILE = StringsTest/Info.plist;
				LD_RUNPATH_SEARCH_PATHS = "$(inherited) @executable_path/Frameworks";
				PRODUCT_BUNDLE_IDENTIFIER = RT.StringsTest;
				PRODUCT_NAME = "$(TARGET_NAME)";
			};
			name = Debug;
		};
		4443A4021DA1488D00398F89 /* Release */ = {
			isa = XCBuildConfiguration;
			buildSettings = {
				ASSETCATALOG_COMPILER_APPICON_NAME = AppIcon;
				INFOPLIST_FILE = StringsTest/Info.plist;
				LD_RUNPATH_SEARCH_PATHS = "$(inherited) @executable_path/Frameworks";
				PRODUCT_BUNDLE_IDENTIFIER = RT.StringsTest;
				PRODUCT_NAME = "$(TARGET_NAME)";
			};
			name = Release;
		};
/* End XCBuildConfiguration section */

/* Begin XCConfigurationList section */
		4443A3E41DA1488D00398F89 /* Build configuration list for PBXProject "StringsTest" */ = {
			isa = XCConfigurationList;
			buildConfigurations = (
				4443A3FE1DA1488D00398F89 /* Debug */,
				4443A3FF1DA1488D00398F89 /* Release */,
			);
			defaultConfigurationIsVisible = 0;
			defaultConfigurationName = Release;
		};
		4443A4001DA1488D00398F89 /* Build configuration list for PBXNativeTarget "StringsTest" */ = {
			isa = XCConfigurationList;
			buildConfigurations = (
				4443A4011DA1488D00398F89 /* Debug */,
				4443A4021DA1488D00398F89 /* Release */,
			);
			defaultConfigurationIsVisible = 0;
		};
/* End XCConfigurationList section */
	};
	rootObject = 4443A3E11DA1488D00398F89 /* Project object */;
}
