// !$*UTF8*$!
{
	archiveVersion = 1;
	classes = {
	};
	objectVersion = 46;
	objects = {

/* Begin PBXBuildFile section */
		44A2CBFB1D8EB32F008B239E /* main.m in Sources */ = {isa = PBXBuildFile; fileRef = 44A2CBFA1D8EB32F008B239E /* main.m */; };
		44A2CBFE1D8EB32F008B239E /* AppDelegate.m in Sources */ = {isa = PBXBuildFile; fileRef = 44A2CBFD1D8EB32F008B239E /* AppDelegate.m */; };
		44A2CC011D8EB32F008B239E /* ViewController.m in Sources */ = {isa = PBXBuildFile; fileRef = 44A2CC001D8EB32F008B239E /* ViewController.m */; };
		44A2CC041D8EB32F008B239E /* Main.storyboard in Resources */ = {isa = PBXBuildFile; fileRef = 44A2CC021D8EB32F008B239E /* Main.storyboard */; };
		44A2CC061D8EB32F008B239E /* Assets.xcassets in Resources */ = {isa = PBXBuildFile; fileRef = 44A2CC051D8EB32F008B239E /* Assets.xcassets */; };
		44A2CC091D8EB32F008B239E /* LaunchScreen.storyboard in Resources */ = {isa = PBXBuildFile; fileRef = 44A2CC071D8EB32F008B239E /* LaunchScreen.storyboard */; };
		44A2CC121D8EB5A4008B239E /* Student.m in Sources */ = {isa = PBXBuildFile; fileRef = 44A2CC111D8EB5A4008B239E /* Student.m */; };
		44A2CC151D8EB659008B239E /* Dancer.m in Sources */ = {isa = PBXBuildFile; fileRef = 44A2CC141D8EB659008B239E /* Dancer.m */; };
		44A2CC181D8EB712008B239E /* Developer.m in Sources */ = {isa = PBXBuildFile; fileRef = 44A2CC171D8EB712008B239E /* Developer.m */; };
/* End PBXBuildFile section */

/* Begin PBXFileReference section */
		44A2CBF61D8EB32F008B239E /* ProtocolsTest.app */ = {isa = PBXFileReference; explicitFileType = wrapper.application; includeInIndex = 0; path = ProtocolsTest.app; sourceTree = BUILT_PRODUCTS_DIR; };
		44A2CBFA1D8EB32F008B239E /* main.m */ = {isa = PBXFileReference; lastKnownFileType = sourcecode.c.objc; path = main.m; sourceTree = "<group>"; };
		44A2CBFC1D8EB32F008B239E /* AppDelegate.h */ = {isa = PBXFileReference; lastKnownFileType = sourcecode.c.h; path = AppDelegate.h; sourceTree = "<group>"; };
		44A2CBFD1D8EB32F008B239E /* AppDelegate.m */ = {isa = PBXFileReference; lastKnownFileType = sourcecode.c.objc; path = AppDelegate.m; sourceTree = "<group>"; };
		44A2CBFF1D8EB32F008B239E /* ViewController.h */ = {isa = PBXFileReference; lastKnownFileType = sourcecode.c.h; path = ViewController.h; sourceTree = "<group>"; };
		44A2CC001D8EB32F008B239E /* ViewController.m */ = {isa = PBXFileReference; lastKnownFileType = sourcecode.c.objc; path = ViewController.m; sourceTree = "<group>"; };
		44A2CC031D8EB32F008B239E /* Base */ = {isa = PBXFileReference; lastKnownFileType = file.storyboard; name = Base; path = Base.lproj/Main.storyboard; sourceTree = "<group>"; };
		44A2CC051D8EB32F008B239E /* Assets.xcassets */ = {isa = PBXFileReference; lastKnownFileType = folder.assetcatalog; path = Assets.xcassets; sourceTree = "<group>"; };
		44A2CC081D8EB32F008B239E /* Base */ = {isa = PBXFileReference; lastKnownFileType = file.storyboard; name = Base; path = Base.lproj/LaunchScreen.storyboard; sourceTree = "<group>"; };
		44A2CC0A1D8EB32F008B239E /* Info.plist */ = {isa = PBXFileReference; lastKnownFileType = text.plist.xml; path = Info.plist; sourceTree = "<group>"; };
		44A2CC101D8EB5A4008B239E /* Student.h */ = {isa = PBXFileReference; fileEncoding = 4; lastKnownFileType = sourcecode.c.h; path = Student.h; sourceTree = "<group>"; };
		44A2CC111D8EB5A4008B239E /* Student.m */ = {isa = PBXFileReference; fileEncoding = 4; lastKnownFileType = sourcecode.c.objc; path = Student.m; sourceTree = "<group>"; };
		44A2CC131D8EB659008B239E /* Dancer.h */ = {isa = PBXFileReference; fileEncoding = 4; lastKnownFileType = sourcecode.c.h; path = Dancer.h; sourceTree = "<group>"; };
		44A2CC141D8EB659008B239E /* Dancer.m */ = {isa = PBXFileReference; fileEncoding = 4; lastKnownFileType = sourcecode.c.objc; path = Dancer.m; sourceTree = "<group>"; };
		44A2CC161D8EB712008B239E /* Developer.h */ = {isa = PBXFileReference; fileEncoding = 4; lastKnownFileType = sourcecode.c.h; path = Developer.h; sourceTree = "<group>"; };
		44A2CC171D8EB712008B239E /* Developer.m */ = {isa = PBXFileReference; fileEncoding = 4; lastKnownFileType = sourcecode.c.objc; path = Developer.m; sourceTree = "<group>"; };
		44A2CC191D8EB8F0008B239E /* Patient.h */ = {isa = PBXFileReference; fileEncoding = 4; lastKnownFileType = sourcecode.c.h; path = Patient.h; sourceTree = "<group>"; };
/* End PBXFileReference section */

/* Begin PBXFrameworksBuildPhase section */
		44A2CBF31D8EB32F008B239E /* Frameworks */ = {
			isa = PBXFrameworksBuildPhase;
			buildActionMask = 2147483647;
			files = (
			);
			runOnlyForDeploymentPostprocessing = 0;
		};
/* End PBXFrameworksBuildPhase section */

/* Begin PBXGroup section */
		44A2CBED1D8EB32F008B239E = {
			isa = PBXGroup;
			children = (
				44A2CBF81D8EB32F008B239E /* ProtocolsTest */,
				44A2CBF71D8EB32F008B239E /* Products */,
			);
			sourceTree = "<group>";
		};
		44A2CBF71D8EB32F008B239E /* Products */ = {
			isa = PBXGroup;
			children = (
				44A2CBF61D8EB32F008B239E /* ProtocolsTest.app */,
			);
			name = Products;
			sourceTree = "<group>";
		};
		44A2CBF81D8EB32F008B239E /* ProtocolsTest */ = {
			isa = PBXGroup;
			children = (
				44A2CC191D8EB8F0008B239E /* Patient.h */,
				44A2CC161D8EB712008B239E /* Developer.h */,
				44A2CC171D8EB712008B239E /* Developer.m */,
				44A2CC101D8EB5A4008B239E /* Student.h */,
				44A2CC111D8EB5A4008B239E /* Student.m */,
				44A2CC131D8EB659008B239E /* Dancer.h */,
				44A2CC141D8EB659008B239E /* Dancer.m */,
				44A2CBFC1D8EB32F008B239E /* AppDelegate.h */,
				44A2CBFD1D8EB32F008B239E /* AppDelegate.m */,
				44A2CBFF1D8EB32F008B239E /* ViewController.h */,
				44A2CC001D8EB32F008B239E /* ViewController.m */,
				44A2CC021D8EB32F008B239E /* Main.storyboard */,
				44A2CC051D8EB32F008B239E /* Assets.xcassets */,
				44A2CC071D8EB32F008B239E /* LaunchScreen.storyboard */,
				44A2CC0A1D8EB32F008B239E /* Info.plist */,
				44A2CBF91D8EB32F008B239E /* Supporting Files */,
			);
			path = ProtocolsTest;
			sourceTree = "<group>";
		};
		44A2CBF91D8EB32F008B239E /* Supporting Files */ = {
			isa = PBXGroup;
			children = (
				44A2CBFA1D8EB32F008B239E /* main.m */,
			);
			name = "Supporting Files";
			sourceTree = "<group>";
		};
/* End PBXGroup section */

/* Begin PBXNativeTarget section */
		44A2CBF51D8EB32F008B239E /* ProtocolsTest */ = {
			isa = PBXNativeTarget;
			buildConfigurationList = 44A2CC0D1D8EB32F008B239E /* Build configuration list for PBXNativeTarget "ProtocolsTest" */;
			buildPhases = (
				44A2CBF21D8EB32F008B239E /* Sources */,
				44A2CBF31D8EB32F008B239E /* Frameworks */,
				44A2CBF41D8EB32F008B239E /* Resources */,
			);
			buildRules = (
			);
			dependencies = (
			);
			name = ProtocolsTest;
			productName = ProtocolsTest;
			productReference = 44A2CBF61D8EB32F008B239E /* ProtocolsTest.app */;
			productType = "com.apple.product-type.application";
		};
/* End PBXNativeTarget section */

/* Begin PBXProject section */
		44A2CBEE1D8EB32F008B239E /* Project object */ = {
			isa = PBXProject;
			attributes = {
				LastUpgradeCheck = 0720;
				ORGANIZATIONNAME = "Ruslan Timchenko";
				TargetAttributes = {
					44A2CBF51D8EB32F008B239E = {
						CreatedOnToolsVersion = 7.2.1;
					};
				};
			};
			buildConfigurationList = 44A2CBF11D8EB32F008B239E /* Build configuration list for PBXProject "ProtocolsTest" */;
			compatibilityVersion = "Xcode 3.2";
			developmentRegion = English;
			hasScannedForEncodings = 0;
			knownRegions = (
				en,
				Base,
			);
			mainGroup = 44A2CBED1D8EB32F008B239E;
			productRefGroup = 44A2CBF71D8EB32F008B239E /* Products */;
			projectDirPath = "";
			projectRoot = "";
			targets = (
				44A2CBF51D8EB32F008B239E /* ProtocolsTest */,
			);
		};
/* End PBXProject section */

/* Begin PBXResourcesBuildPhase section */
		44A2CBF41D8EB32F008B239E /* Resources */ = {
			isa = PBXResourcesBuildPhase;
			buildActionMask = 2147483647;
			files = (
				44A2CC091D8EB32F008B239E /* LaunchScreen.storyboard in Resources */,
				44A2CC061D8EB32F008B239E /* Assets.xcassets in Resources */,
				44A2CC041D8EB32F008B239E /* Main.storyboard in Resources */,
			);
			runOnlyForDeploymentPostprocessing = 0;
		};
/* End PBXResourcesBuildPhase section */

/* Begin PBXSourcesBuildPhase section */
		44A2CBF21D8EB32F008B239E /* Sources */ = {
			isa = PBXSourcesBuildPhase;
			buildActionMask = 2147483647;
			files = (
				44A2CC181D8EB712008B239E /* Developer.m in Sources */,
				44A2CC011D8EB32F008B239E /* ViewController.m in Sources */,
				44A2CBFE1D8EB32F008B239E /* AppDelegate.m in Sources */,
				44A2CBFB1D8EB32F008B239E /* main.m in Sources */,
				44A2CC121D8EB5A4008B239E /* Student.m in Sources */,
				44A2CC151D8EB659008B239E /* Dancer.m in Sources */,
			);
			runOnlyForDeploymentPostprocessing = 0;
		};
/* End PBXSourcesBuildPhase section */

/* Begin PBXVariantGroup section */
		44A2CC021D8EB32F008B239E /* Main.storyboard */ = {
			isa = PBXVariantGroup;
			children = (
				44A2CC031D8EB32F008B239E /* Base */,
			);
			name = Main.storyboard;
			sourceTree = "<group>";
		};
		44A2CC071D8EB32F008B239E /* LaunchScreen.storyboard */ = {
			isa = PBXVariantGroup;
			children = (
				44A2CC081D8EB32F008B239E /* Base */,
			);
			name = LaunchScreen.storyboard;
			sourceTree = "<group>";
		};
/* End PBXVariantGroup section */

/* Begin XCBuildConfiguration section */
		44A2CC0B1D8EB32F008B239E /* Debug */ = {
			isa = XCBuildConfiguration;
			buildSettings = {
				ALWAYS_SEARCH_USER_PATHS = NO;
				CLANG_CXX_LANGUAGE_STANDARD = "gnu++0x";
				CLANG_CXX_LIBRARY = "libc++";
				CLANG_ENABLE_MODULES = YES;
				CLANG_ENABLE_OBJC_ARC = YES;
				CLANG_WARN_BOOL_CONVERSION = YES;
				CLANG_WARN_CONSTANT_CONVERSION = YES;
				CLANG_WARN_DIRECT_OBJC_ISA_USAGE = YES_ERROR;
				CLANG_WARN_EMPTY_BODY = YES;
				CLANG_WARN_ENUM_CONVERSION = YES;
				CLANG_WARN_INT_CONVERSION = YES;
				CLANG_WARN_OBJC_ROOT_CLASS = YES_ERROR;
				CLANG_WARN_UNREACHABLE_CODE = YES;
				CLANG_WARN__DUPLICATE_METHOD_MATCH = YES;
				"CODE_SIGN_IDENTITY[sdk=iphoneos*]" = "iPhone Developer";
				COPY_PHASE_STRIP = NO;
				DEBUG_INFORMATION_FORMAT = dwarf;
				ENABLE_STRICT_OBJC_MSGSEND = YES;
				ENABLE_TESTABILITY = YES;
				GCC_C_LANGUAGE_STANDARD = gnu99;
				GCC_DYNAMIC_NO_PIC = NO;
				GCC_NO_COMMON_BLOCKS = YES;
				GCC_OPTIMIZATION_LEVEL = 0;
				GCC_PREPROCESSOR_DEFINITIONS = (
					"DEBUG=1",
					"$(inherited)",
				);
				GCC_WARN_64_TO_32_BIT_CONVERSION = YES;
				GCC_WARN_ABOUT_RETURN_TYPE = YES_ERROR;
				GCC_WARN_UNDECLARED_SELECTOR = YES;
				GCC_WARN_UNINITIALIZED_AUTOS = YES_AGGRESSIVE;
				GCC_WARN_UNUSED_FUNCTION = YES;
				GCC_WARN_UNUSED_VARIABLE = YES;
				IPHONEOS_DEPLOYMENT_TARGET = 9.2;
				MTL_ENABLE_DEBUG_INFO = YES;
				ONLY_ACTIVE_ARCH = YES;
				SDKROOT = iphoneos;
				TARGETED_DEVICE_FAMILY = "1,2";
			};
			name = Debug;
		};
		44A2CC0C1D8EB32F008B239E /* Release */ = {
			isa = XCBuildConfiguration;
			buildSettings = {
				ALWAYS_SEARCH_USER_PATHS = NO;
				CLANG_CXX_LANGUAGE_STANDARD = "gnu++0x";
				CLANG_CXX_LIBRARY = "libc++";
				CLANG_ENABLE_MODULES = YES;
				CLANG_ENABLE_OBJC_ARC = YES;
				CLANG_WARN_BOOL_CONVERSION = YES;
				CLANG_WARN_CONSTANT_CONVERSION = YES;
				CLANG_WARN_DIRECT_OBJC_ISA_USAGE = YES_ERROR;
				CLANG_WARN_EMPTY_BODY = YES;
				CLANG_WARN_ENUM_CONVERSION = YES;
				CLANG_WARN_INT_CONVERSION = YES;
				CLANG_WARN_OBJC_ROOT_CLASS = YES_ERROR;
				CLANG_WARN_UNREACHABLE_CODE = YES;
				CLANG_WARN__DUPLICATE_METHOD_MATCH = YES;
				"CODE_SIGN_IDENTITY[sdk=iphoneos*]" = "iPhone Developer";
				COPY_PHASE_STRIP = NO;
				DEBUG_INFORMATION_FORMAT = "dwarf-with-dsym";
				ENABLE_NS_ASSERTIONS = NO;
				ENABLE_STRICT_OBJC_MSGSEND = YES;
				GCC_C_LANGUAGE_STANDARD = gnu99;
				GCC_NO_COMMON_BLOCKS = YES;
				GCC_WARN_64_TO_32_BIT_CONVERSION = YES;
				GCC_WARN_ABOUT_RETURN_TYPE = YES_ERROR;
				GCC_WARN_UNDECLARED_SELECTOR = YES;
				GCC_WARN_UNINITIALIZED_AUTOS = YES_AGGRESSIVE;
				GCC_WARN_UNUSED_FUNCTION = YES;
				GCC_WARN_UNUSED_VARIABLE = YES;
				IPHONEOS_DEPLOYMENT_TARGET = 9.2;
				MTL_ENABLE_DEBUG_INFO = NO;
				SDKROOT = iphoneos;
				TARGETED_DEVICE_FAMILY = "1,2";
				VALIDATE_PRODUCT = YES;
			};
			name = Release;
		};
		44A2CC0E1D8EB32F008B239E /* Debug */ = {
			isa = XCBuildConfiguration;
			buildSettings = {
				ASSETCATALOG_COMPILER_APPICON_NAME = AppIcon;
				INFOPLIST_FILE = ProtocolsTest/Info.plist;
				LD_RUNPATH_SEARCH_PATHS = "$(inherited) @executable_path/Frameworks";
				PRODUCT_BUNDLE_IDENTIFIER = RT.ProtocolsTest;
				PRODUCT_NAME = "$(TARGET_NAME)";
			};
			name = Debug;
		};
		44A2CC0F1D8EB32F008B239E /* Release */ = {
			isa = XCBuildConfiguration;
			buildSettings = {
				ASSETCATALOG_COMPILER_APPICON_NAME = AppIcon;
				INFOPLIST_FILE = ProtocolsTest/Info.plist;
				LD_RUNPATH_SEARCH_PATHS = "$(inherited) @executable_path/Frameworks";
				PRODUCT_BUNDLE_IDENTIFIER = RT.ProtocolsTest;
				PRODUCT_NAME = "$(TARGET_NAME)";
			};
			name = Release;
		};
/* End XCBuildConfiguration section */

/* Begin XCConfigurationList section */
		44A2CBF11D8EB32F008B239E /* Build configuration list for PBXProject "ProtocolsTest" */ = {
			isa = XCConfigurationList;
			buildConfigurations = (
				44A2CC0B1D8EB32F008B239E /* Debug */,
				44A2CC0C1D8EB32F008B239E /* Release */,
			);
			defaultConfigurationIsVisible = 0;
			defaultConfigurationName = Release;
		};
		44A2CC0D1D8EB32F008B239E /* Build configuration list for PBXNativeTarget "ProtocolsTest" */ = {
			isa = XCConfigurationList;
			buildConfigurations = (
				44A2CC0E1D8EB32F008B239E /* Debug */,
				44A2CC0F1D8EB32F008B239E /* Release */,
			);
			defaultConfigurationIsVisible = 0;
		};
/* End XCConfigurationList section */
	};
	rootObject = 44A2CBEE1D8EB32F008B239E /* Project object */;
}
