// !$*UTF8*$!
{
	archiveVersion = 1;
	classes = {
	};
	objectVersion = 46;
	objects = {

/* Begin PBXBuildFile section */
		44B6A7581DCC8A930000A962 /* AppDelegate.swift in Sources */ = {isa = PBXBuildFile; fileRef = 44B6A7571DCC8A930000A962 /* AppDelegate.swift */; };
		44B6A75D1DCC8A930000A962 /* Main.storyboard in Resources */ = {isa = PBXBuildFile; fileRef = 44B6A75B1DCC8A930000A962 /* Main.storyboard */; };
		44B6A75F1DCC8A930000A962 /* Assets.xcassets in Resources */ = {isa = PBXBuildFile; fileRef = 44B6A75E1DCC8A930000A962 /* Assets.xcassets */; };
		44B6A7621DCC8A930000A962 /* LaunchScreen.storyboard in Resources */ = {isa = PBXBuildFile; fileRef = 44B6A7601DCC8A930000A962 /* LaunchScreen.storyboard */; };
		44B6A76A1DCC8B1C0000A962 /* RegFormViewController.swift in Sources */ = {isa = PBXBuildFile; fileRef = 44B6A7691DCC8B1C0000A962 /* RegFormViewController.swift */; };
/* End PBXBuildFile section */

/* Begin PBXFileReference section */
		44B6A7541DCC8A930000A962 /* HW29.app */ = {isa = PBXFileReference; explicitFileType = wrapper.application; includeInIndex = 0; path = HW29.app; sourceTree = BUILT_PRODUCTS_DIR; };
		44B6A7571DCC8A930000A962 /* AppDelegate.swift */ = {isa = PBXFileReference; lastKnownFileType = sourcecode.swift; path = AppDelegate.swift; sourceTree = "<group>"; };
		44B6A75C1DCC8A930000A962 /* Base */ = {isa = PBXFileReference; lastKnownFileType = file.storyboard; name = Base; path = Base.lproj/Main.storyboard; sourceTree = "<group>"; };
		44B6A75E1DCC8A930000A962 /* Assets.xcassets */ = {isa = PBXFileReference; lastKnownFileType = folder.assetcatalog; path = Assets.xcassets; sourceTree = "<group>"; };
		44B6A7611DCC8A930000A962 /* Base */ = {isa = PBXFileReference; lastKnownFileType = file.storyboard; name = Base; path = Base.lproj/LaunchScreen.storyboard; sourceTree = "<group>"; };
		44B6A7631DCC8A930000A962 /* Info.plist */ = {isa = PBXFileReference; lastKnownFileType = text.plist.xml; path = Info.plist; sourceTree = "<group>"; };
		44B6A7691DCC8B1C0000A962 /* RegFormViewController.swift */ = {isa = PBXFileReference; fileEncoding = 4; lastKnownFileType = sourcecode.swift; path = RegFormViewController.swift; sourceTree = "<group>"; };
/* End PBXFileReference section */

/* Begin PBXFrameworksBuildPhase section */
		44B6A7511DCC8A920000A962 /* Frameworks */ = {
			isa = PBXFrameworksBuildPhase;
			buildActionMask = 2147483647;
			files = (
			);
			runOnlyForDeploymentPostprocessing = 0;
		};
/* End PBXFrameworksBuildPhase section */

/* Begin PBXGroup section */
		44B6A74B1DCC8A920000A962 = {
			isa = PBXGroup;
			children = (
				44B6A7561DCC8A930000A962 /* HW29 */,
				44B6A7551DCC8A930000A962 /* Products */,
			);
			sourceTree = "<group>";
		};
		44B6A7551DCC8A930000A962 /* Products */ = {
			isa = PBXGroup;
			children = (
				44B6A7541DCC8A930000A962 /* HW29.app */,
			);
			name = Products;
			sourceTree = "<group>";
		};
		44B6A7561DCC8A930000A962 /* HW29 */ = {
			isa = PBXGroup;
			children = (
				44B6A7571DCC8A930000A962 /* AppDelegate.swift */,
				44B6A7691DCC8B1C0000A962 /* RegFormViewController.swift */,
				44B6A75B1DCC8A930000A962 /* Main.storyboard */,
				44B6A75E1DCC8A930000A962 /* Assets.xcassets */,
				44B6A7601DCC8A930000A962 /* LaunchScreen.storyboard */,
				44B6A7631DCC8A930000A962 /* Info.plist */,
			);
			path = HW29;
			sourceTree = "<group>";
		};
/* End PBXGroup section */

/* Begin PBXNativeTarget section */
		44B6A7531DCC8A920000A962 /* HW29 */ = {
			isa = PBXNativeTarget;
			buildConfigurationList = 44B6A7661DCC8A930000A962 /* Build configuration list for PBXNativeTarget "HW29" */;
			buildPhases = (
				44B6A7501DCC8A920000A962 /* Sources */,
				44B6A7511DCC8A920000A962 /* Frameworks */,
				44B6A7521DCC8A920000A962 /* Resources */,
			);
			buildRules = (
			);
			dependencies = (
			);
			name = HW29;
			productName = HW29;
			productReference = 44B6A7541DCC8A930000A962 /* HW29.app */;
			productType = "com.apple.product-type.application";
		};
/* End PBXNativeTarget section */

/* Begin PBXProject section */
		44B6A74C1DCC8A920000A962 /* Project object */ = {
			isa = PBXProject;
			attributes = {
				LastSwiftUpdateCheck = 0810;
				LastUpgradeCheck = 0810;
				ORGANIZATIONNAME = "Ruslan Timchenko";
				TargetAttributes = {
					44B6A7531DCC8A920000A962 = {
						CreatedOnToolsVersion = 8.1;
						ProvisioningStyle = Automatic;
					};
				};
			};
			buildConfigurationList = 44B6A74F1DCC8A920000A962 /* Build configuration list for PBXProject "HW29" */;
			compatibilityVersion = "Xcode 3.2";
			developmentRegion = English;
			hasScannedForEncodings = 0;
			knownRegions = (
				en,
				Base,
			);
			mainGroup = 44B6A74B1DCC8A920000A962;
			productRefGroup = 44B6A7551DCC8A930000A962 /* Products */;
			projectDirPath = "";
			projectRoot = "";
			targets = (
				44B6A7531DCC8A920000A962 /* HW29 */,
			);
		};
/* End PBXProject section */

/* Begin PBXResourcesBuildPhase section */
		44B6A7521DCC8A920000A962 /* Resources */ = {
			isa = PBXResourcesBuildPhase;
			buildActionMask = 2147483647;
			files = (
				44B6A7621DCC8A930000A962 /* LaunchScreen.storyboard in Resources */,
				44B6A75F1DCC8A930000A962 /* Assets.xcassets in Resources */,
				44B6A75D1DCC8A930000A962 /* Main.storyboard in Resources */,
			);
			runOnlyForDeploymentPostprocessing = 0;
		};
/* End PBXResourcesBuildPhase section */

/* Begin PBXSourcesBuildPhase section */
		44B6A7501DCC8A920000A962 /* Sources */ = {
			isa = PBXSourcesBuildPhase;
			buildActionMask = 2147483647;
			files = (
				44B6A7581DCC8A930000A962 /* AppDelegate.swift in Sources */,
				44B6A76A1DCC8B1C0000A962 /* RegFormViewController.swift in Sources */,
			);
			runOnlyForDeploymentPostprocessing = 0;
		};
/* End PBXSourcesBuildPhase section */

/* Begin PBXVariantGroup section */
		44B6A75B1DCC8A930000A962 /* Main.storyboard */ = {
			isa = PBXVariantGroup;
			children = (
				44B6A75C1DCC8A930000A962 /* Base */,
			);
			name = Main.storyboard;
			sourceTree = "<group>";
		};
		44B6A7601DCC8A930000A962 /* LaunchScreen.storyboard */ = {
			isa = PBXVariantGroup;
			children = (
				44B6A7611DCC8A930000A962 /* Base */,
			);
			name = LaunchScreen.storyboard;
			sourceTree = "<group>";
		};
/* End PBXVariantGroup section */

/* Begin XCBuildConfiguration section */
		44B6A7641DCC8A930000A962 /* Debug */ = {
			isa = XCBuildConfiguration;
			buildSettings = {
				ALWAYS_SEARCH_USER_PATHS = NO;
				CLANG_ANALYZER_NONNULL = YES;
				CLANG_CXX_LANGUAGE_STANDARD = "gnu++0x";
				CLANG_CXX_LIBRARY = "libc++";
				CLANG_ENABLE_MODULES = YES;
				CLANG_ENABLE_OBJC_ARC = YES;
				CLANG_WARN_BOOL_CONVERSION = YES;
				CLANG_WARN_CONSTANT_CONVERSION = YES;
				CLANG_WARN_DIRECT_OBJC_ISA_USAGE = YES_ERROR;
				CLANG_WARN_DOCUMENTATION_COMMENTS = YES;
				CLANG_WARN_EMPTY_BODY = YES;
				CLANG_WARN_ENUM_CONVERSION = YES;
				CLANG_WARN_INFINITE_RECURSION = YES;
				CLANG_WARN_INT_CONVERSION = YES;
				CLANG_WARN_OBJC_ROOT_CLASS = YES_ERROR;
				CLANG_WARN_SUSPICIOUS_MOVES = YES;
				CLANG_WARN_UNREACHABLE_CODE = YES;
				CLANG_WARN__DUPLICATE_METHOD_MATCH = YES;
				"CODE_SIGN_IDENTITY[sdk=iphoneos*]" = "iPhone Developer";
				COPY_PHASE_STRIP = NO;
				DEBUG_INFORMATION_FORMAT = dwarf;
				ENABLE_STRICT_OBJC_MSGSEND = YES;
				ENABLE_TESTABILITY = YES;
				GCC_C_LANGUAGE_STANDARD = gnu99;
				GCC_DYNAMIC_NO_PIC = NO;
				GCC_NO_COMMON_BLOCKS = YES;
				GCC_OPTIMIZATION_LEVEL = 0;
				GCC_PREPROCESSOR_DEFINITIONS = (
					"DEBUG=1",
					"$(inherited)",
				);
				GCC_WARN_64_TO_32_BIT_CONVERSION = YES;
				GCC_WARN_ABOUT_RETURN_TYPE = YES_ERROR;
				GCC_WARN_UNDECLARED_SELECTOR = YES;
				GCC_WARN_UNINITIALIZED_AUTOS = YES_AGGRESSIVE;
				GCC_WARN_UNUSED_FUNCTION = YES;
				GCC_WARN_UNUSED_VARIABLE = YES;
				IPHONEOS_DEPLOYMENT_TARGET = 10.1;
				MTL_ENABLE_DEBUG_INFO = YES;
				ONLY_ACTIVE_ARCH = YES;
				SDKROOT = iphoneos;
				SWIFT_ACTIVE_COMPILATION_CONDITIONS = DEBUG;
				SWIFT_OPTIMIZATION_LEVEL = "-Onone";
				TARGETED_DEVICE_FAMILY = "1,2";
			};
			name = Debug;
		};
		44B6A7651DCC8A930000A962 /* Release */ = {
			isa = XCBuildConfiguration;
			buildSettings = {
				ALWAYS_SEARCH_USER_PATHS = NO;
				CLANG_ANALYZER_NONNULL = YES;
				CLANG_CXX_LANGUAGE_STANDARD = "gnu++0x";
				CLANG_CXX_LIBRARY = "libc++";
				CLANG_ENABLE_MODULES = YES;
				CLANG_ENABLE_OBJC_ARC = YES;
				CLANG_WARN_BOOL_CONVERSION = YES;
				CLANG_WARN_CONSTANT_CONVERSION = YES;
				CLANG_WARN_DIRECT_OBJC_ISA_USAGE = YES_ERROR;
				CLANG_WARN_DOCUMENTATION_COMMENTS = YES;
				CLANG_WARN_EMPTY_BODY = YES;
				CLANG_WARN_ENUM_CONVERSION = YES;
				CLANG_WARN_INFINITE_RECURSION = YES;
				CLANG_WARN_INT_CONVERSION = YES;
				CLANG_WARN_OBJC_ROOT_CLASS = YES_ERROR;
				CLANG_WARN_SUSPICIOUS_MOVES = YES;
				CLANG_WARN_UNREACHABLE_CODE = YES;
				CLANG_WARN__DUPLICATE_METHOD_MATCH = YES;
				"CODE_SIGN_IDENTITY[sdk=iphoneos*]" = "iPhone Developer";
				COPY_PHASE_STRIP = NO;
				DEBUG_INFORMATION_FORMAT = "dwarf-with-dsym";
				ENABLE_NS_ASSERTIONS = NO;
				ENABLE_STRICT_OBJC_MSGSEND = YES;
				GCC_C_LANGUAGE_STANDARD = gnu99;
				GCC_NO_COMMON_BLOCKS = YES;
				GCC_WARN_64_TO_32_BIT_CONVERSION = YES;
				GCC_WARN_ABOUT_RETURN_TYPE = YES_ERROR;
				GCC_WARN_UNDECLARED_SELECTOR = YES;
				GCC_WARN_UNINITIALIZED_AUTOS = YES_AGGRESSIVE;
				GCC_WARN_UNUSED_FUNCTION = YES;
				GCC_WARN_UNUSED_VARIABLE = YES;
				IPHONEOS_DEPLOYMENT_TARGET = 10.1;
				MTL_ENABLE_DEBUG_INFO = NO;
				SDKROOT = iphoneos;
				SWIFT_OPTIMIZATION_LEVEL = "-Owholemodule";
				TARGETED_DEVICE_FAMILY = "1,2";
				VALIDATE_PRODUCT = YES;
			};
			name = Release;
		};
		44B6A7671DCC8A930000A962 /* Debug */ = {
			isa = XCBuildConfiguration;
			buildSettings = {
				ASSETCATALOG_COMPILER_APPICON_NAME = AppIcon;
				INFOPLIST_FILE = HW29/Info.plist;
				LD_RUNPATH_SEARCH_PATHS = "$(inherited) @executable_path/Frameworks";
				PRODUCT_BUNDLE_IDENTIFIER = RT.HW29;
				PRODUCT_NAME = "$(TARGET_NAME)";
				SWIFT_VERSION = 3.0;
			};
			name = Debug;
		};
		44B6A7681DCC8A930000A962 /* Release */ = {
			isa = XCBuildConfiguration;
			buildSettings = {
				ASSETCATALOG_COMPILER_APPICON_NAME = AppIcon;
				INFOPLIST_FILE = HW29/Info.plist;
				LD_RUNPATH_SEARCH_PATHS = "$(inherited) @executable_path/Frameworks";
				PRODUCT_BUNDLE_IDENTIFIER = RT.HW29;
				PRODUCT_NAME = "$(TARGET_NAME)";
				SWIFT_VERSION = 3.0;
			};
			name = Release;
		};
/* End XCBuildConfiguration section */

/* Begin XCConfigurationList section */
		44B6A74F1DCC8A920000A962 /* Build configuration list for PBXProject "HW29" */ = {
			isa = XCConfigurationList;
			buildConfigurations = (
				44B6A7641DCC8A930000A962 /* Debug */,
				44B6A7651DCC8A930000A962 /* Release */,
			);
			defaultConfigurationIsVisible = 0;
			defaultConfigurationName = Release;
		};
		44B6A7661DCC8A930000A962 /* Build configuration list for PBXNativeTarget "HW29" */ = {
			isa = XCConfigurationList;
			buildConfigurations = (
				44B6A7671DCC8A930000A962 /* Debug */,
				44B6A7681DCC8A930000A962 /* Release */,
			);
			defaultConfigurationIsVisible = 0;
			defaultConfigurationName = Release;
		};
/* End XCConfigurationList section */
	};
	rootObject = 44B6A74C1DCC8A920000A962 /* Project object */;
}
