// !$*UTF8*$!
{
	archiveVersion = 1;
	classes = {
	};
	objectVersion = 46;
	objects = {

/* Begin PBXBuildFile section */
		447C8C401D89E5A600EE4CD0 /* main.m in Sources */ = {isa = PBXBuildFile; fileRef = 447C8C3F1D89E5A600EE4CD0 /* main.m */; };
		447C8C431D89E5A600EE4CD0 /* AppDelegate.m in Sources */ = {isa = PBXBuildFile; fileRef = 447C8C421D89E5A600EE4CD0 /* AppDelegate.m */; };
		447C8C461D89E5A600EE4CD0 /* ViewController.m in Sources */ = {isa = PBXBuildFile; fileRef = 447C8C451D89E5A600EE4CD0 /* ViewController.m */; };
		447C8C491D89E5A600EE4CD0 /* Main.storyboard in Resources */ = {isa = PBXBuildFile; fileRef = 447C8C471D89E5A600EE4CD0 /* Main.storyboard */; };
		447C8C4B1D89E5A600EE4CD0 /* Assets.xcassets in Resources */ = {isa = PBXBuildFile; fileRef = 447C8C4A1D89E5A600EE4CD0 /* Assets.xcassets */; };
		447C8C4E1D89E5A600EE4CD0 /* LaunchScreen.storyboard in Resources */ = {isa = PBXBuildFile; fileRef = 447C8C4C1D89E5A600EE4CD0 /* LaunchScreen.storyboard */; };
		447C8C591D89E5A600EE4CD0 /* PropertiesTest1Tests.m in Sources */ = {isa = PBXBuildFile; fileRef = 447C8C581D89E5A600EE4CD0 /* PropertiesTest1Tests.m */; };
		447C8C641D89E5A600EE4CD0 /* PropertiesTest1UITests.m in Sources */ = {isa = PBXBuildFile; fileRef = 447C8C631D89E5A600EE4CD0 /* PropertiesTest1UITests.m */; };
		447C8C731D89E5E500EE4CD0 /* Boxer.m in Sources */ = {isa = PBXBuildFile; fileRef = 447C8C721D89E5E500EE4CD0 /* Boxer.m */; };
/* End PBXBuildFile section */

/* Begin PBXContainerItemProxy section */
		447C8C551D89E5A600EE4CD0 /* PBXContainerItemProxy */ = {
			isa = PBXContainerItemProxy;
			containerPortal = 447C8C331D89E5A600EE4CD0 /* Project object */;
			proxyType = 1;
			remoteGlobalIDString = 447C8C3A1D89E5A600EE4CD0;
			remoteInfo = PropertiesTest1;
		};
		447C8C601D89E5A600EE4CD0 /* PBXContainerItemProxy */ = {
			isa = PBXContainerItemProxy;
			containerPortal = 447C8C331D89E5A600EE4CD0 /* Project object */;
			proxyType = 1;
			remoteGlobalIDString = 447C8C3A1D89E5A600EE4CD0;
			remoteInfo = PropertiesTest1;
		};
/* End PBXContainerItemProxy section */

/* Begin PBXFileReference section */
		447C8C3B1D89E5A600EE4CD0 /* PropertiesTest1.app */ = {isa = PBXFileReference; explicitFileType = wrapper.application; includeInIndex = 0; path = PropertiesTest1.app; sourceTree = BUILT_PRODUCTS_DIR; };
		447C8C3F1D89E5A600EE4CD0 /* main.m */ = {isa = PBXFileReference; lastKnownFileType = sourcecode.c.objc; path = main.m; sourceTree = "<group>"; };
		447C8C411D89E5A600EE4CD0 /* AppDelegate.h */ = {isa = PBXFileReference; lastKnownFileType = sourcecode.c.h; path = AppDelegate.h; sourceTree = "<group>"; };
		447C8C421D89E5A600EE4CD0 /* AppDelegate.m */ = {isa = PBXFileReference; lastKnownFileType = sourcecode.c.objc; path = AppDelegate.m; sourceTree = "<group>"; };
		447C8C441D89E5A600EE4CD0 /* ViewController.h */ = {isa = PBXFileReference; lastKnownFileType = sourcecode.c.h; path = ViewController.h; sourceTree = "<group>"; };
		447C8C451D89E5A600EE4CD0 /* ViewController.m */ = {isa = PBXFileReference; lastKnownFileType = sourcecode.c.objc; path = ViewController.m; sourceTree = "<group>"; };
		447C8C481D89E5A600EE4CD0 /* Base */ = {isa = PBXFileReference; lastKnownFileType = file.storyboard; name = Base; path = Base.lproj/Main.storyboard; sourceTree = "<group>"; };
		447C8C4A1D89E5A600EE4CD0 /* Assets.xcassets */ = {isa = PBXFileReference; lastKnownFileType = folder.assetcatalog; path = Assets.xcassets; sourceTree = "<group>"; };
		447C8C4D1D89E5A600EE4CD0 /* Base */ = {isa = PBXFileReference; lastKnownFileType = file.storyboard; name = Base; path = Base.lproj/LaunchScreen.storyboard; sourceTree = "<group>"; };
		447C8C4F1D89E5A600EE4CD0 /* Info.plist */ = {isa = PBXFileReference; lastKnownFileType = text.plist.xml; path = Info.plist; sourceTree = "<group>"; };
		447C8C541D89E5A600EE4CD0 /* PropertiesTest1Tests.xctest */ = {isa = PBXFileReference; explicitFileType = wrapper.cfbundle; includeInIndex = 0; path = PropertiesTest1Tests.xctest; sourceTree = BUILT_PRODUCTS_DIR; };
		447C8C581D89E5A600EE4CD0 /* PropertiesTest1Tests.m */ = {isa = PBXFileReference; lastKnownFileType = sourcecode.c.objc; path = PropertiesTest1Tests.m; sourceTree = "<group>"; };
		447C8C5A1D89E5A600EE4CD0 /* Info.plist */ = {isa = PBXFileReference; lastKnownFileType = text.plist.xml; path = Info.plist; sourceTree = "<group>"; };
		447C8C5F1D89E5A600EE4CD0 /* PropertiesTest1UITests.xctest */ = {isa = PBXFileReference; explicitFileType = wrapper.cfbundle; includeInIndex = 0; path = PropertiesTest1UITests.xctest; sourceTree = BUILT_PRODUCTS_DIR; };
		447C8C631D89E5A600EE4CD0 /* PropertiesTest1UITests.m */ = {isa = PBXFileReference; lastKnownFileType = sourcecode.c.objc; path = PropertiesTest1UITests.m; sourceTree = "<group>"; };
		447C8C651D89E5A600EE4CD0 /* Info.plist */ = {isa = PBXFileReference; lastKnownFileType = text.plist.xml; path = Info.plist; sourceTree = "<group>"; };
		447C8C711D89E5E500EE4CD0 /* Boxer.h */ = {isa = PBXFileReference; fileEncoding = 4; lastKnownFileType = sourcecode.c.h; path = Boxer.h; sourceTree = "<group>"; };
		447C8C721D89E5E500EE4CD0 /* Boxer.m */ = {isa = PBXFileReference; fileEncoding = 4; lastKnownFileType = sourcecode.c.objc; path = Boxer.m; sourceTree = "<group>"; };
/* End PBXFileReference section */

/* Begin PBXFrameworksBuildPhase section */
		447C8C381D89E5A600EE4CD0 /* Frameworks */ = {
			isa = PBXFrameworksBuildPhase;
			buildActionMask = 2147483647;
			files = (
			);
			runOnlyForDeploymentPostprocessing = 0;
		};
		447C8C511D89E5A600EE4CD0 /* Frameworks */ = {
			isa = PBXFrameworksBuildPhase;
			buildActionMask = 2147483647;
			files = (
			);
			runOnlyForDeploymentPostprocessing = 0;
		};
		447C8C5C1D89E5A600EE4CD0 /* Frameworks */ = {
			isa = PBXFrameworksBuildPhase;
			buildActionMask = 2147483647;
			files = (
			);
			runOnlyForDeploymentPostprocessing = 0;
		};
/* End PBXFrameworksBuildPhase section */

/* Begin PBXGroup section */
		447C8C321D89E5A600EE4CD0 = {
			isa = PBXGroup;
			children = (
				447C8C3D1D89E5A600EE4CD0 /* PropertiesTest1 */,
				447C8C571D89E5A600EE4CD0 /* PropertiesTest1Tests */,
				447C8C621D89E5A600EE4CD0 /* PropertiesTest1UITests */,
				447C8C3C1D89E5A600EE4CD0 /* Products */,
			);
			sourceTree = "<group>";
		};
		447C8C3C1D89E5A600EE4CD0 /* Products */ = {
			isa = PBXGroup;
			children = (
				447C8C3B1D89E5A600EE4CD0 /* PropertiesTest1.app */,
				447C8C541D89E5A600EE4CD0 /* PropertiesTest1Tests.xctest */,
				447C8C5F1D89E5A600EE4CD0 /* PropertiesTest1UITests.xctest */,
			);
			name = Products;
			sourceTree = "<group>";
		};
		447C8C3D1D89E5A600EE4CD0 /* PropertiesTest1 */ = {
			isa = PBXGroup;
			children = (
				447C8C711D89E5E500EE4CD0 /* Boxer.h */,
				447C8C721D89E5E500EE4CD0 /* Boxer.m */,
				447C8C411D89E5A600EE4CD0 /* AppDelegate.h */,
				447C8C421D89E5A600EE4CD0 /* AppDelegate.m */,
				447C8C441D89E5A600EE4CD0 /* ViewController.h */,
				447C8C451D89E5A600EE4CD0 /* ViewController.m */,
				447C8C471D89E5A600EE4CD0 /* Main.storyboard */,
				447C8C4A1D89E5A600EE4CD0 /* Assets.xcassets */,
				447C8C4C1D89E5A600EE4CD0 /* LaunchScreen.storyboard */,
				447C8C4F1D89E5A600EE4CD0 /* Info.plist */,
				447C8C3E1D89E5A600EE4CD0 /* Supporting Files */,
			);
			path = PropertiesTest1;
			sourceTree = "<group>";
		};
		447C8C3E1D89E5A600EE4CD0 /* Supporting Files */ = {
			isa = PBXGroup;
			children = (
				447C8C3F1D89E5A600EE4CD0 /* main.m */,
			);
			name = "Supporting Files";
			sourceTree = "<group>";
		};
		447C8C571D89E5A600EE4CD0 /* PropertiesTest1Tests */ = {
			isa = PBXGroup;
			children = (
				447C8C581D89E5A600EE4CD0 /* PropertiesTest1Tests.m */,
				447C8C5A1D89E5A600EE4CD0 /* Info.plist */,
			);
			path = PropertiesTest1Tests;
			sourceTree = "<group>";
		};
		447C8C621D89E5A600EE4CD0 /* PropertiesTest1UITests */ = {
			isa = PBXGroup;
			children = (
				447C8C631D89E5A600EE4CD0 /* PropertiesTest1UITests.m */,
				447C8C651D89E5A600EE4CD0 /* Info.plist */,
			);
			path = PropertiesTest1UITests;
			sourceTree = "<group>";
		};
/* End PBXGroup section */

/* Begin PBXNativeTarget section */
		447C8C3A1D89E5A600EE4CD0 /* PropertiesTest1 */ = {
			isa = PBXNativeTarget;
			buildConfigurationList = 447C8C681D89E5A600EE4CD0 /* Build configuration list for PBXNativeTarget "PropertiesTest1" */;
			buildPhases = (
				447C8C371D89E5A600EE4CD0 /* Sources */,
				447C8C381D89E5A600EE4CD0 /* Frameworks */,
				447C8C391D89E5A600EE4CD0 /* Resources */,
			);
			buildRules = (
			);
			dependencies = (
			);
			name = PropertiesTest1;
			productName = PropertiesTest1;
			productReference = 447C8C3B1D89E5A600EE4CD0 /* PropertiesTest1.app */;
			productType = "com.apple.product-type.application";
		};
		447C8C531D89E5A600EE4CD0 /* PropertiesTest1Tests */ = {
			isa = PBXNativeTarget;
			buildConfigurationList = 447C8C6B1D89E5A600EE4CD0 /* Build configuration list for PBXNativeTarget "PropertiesTest1Tests" */;
			buildPhases = (
				447C8C501D89E5A600EE4CD0 /* Sources */,
				447C8C511D89E5A600EE4CD0 /* Frameworks */,
				447C8C521D89E5A600EE4CD0 /* Resources */,
			);
			buildRules = (
			);
			dependencies = (
				447C8C561D89E5A600EE4CD0 /* PBXTargetDependency */,
			);
			name = PropertiesTest1Tests;
			productName = PropertiesTest1Tests;
			productReference = 447C8C541D89E5A600EE4CD0 /* PropertiesTest1Tests.xctest */;
			productType = "com.apple.product-type.bundle.unit-test";
		};
		447C8C5E1D89E5A600EE4CD0 /* PropertiesTest1UITests */ = {
			isa = PBXNativeTarget;
			buildConfigurationList = 447C8C6E1D89E5A600EE4CD0 /* Build configuration list for PBXNativeTarget "PropertiesTest1UITests" */;
			buildPhases = (
				447C8C5B1D89E5A600EE4CD0 /* Sources */,
				447C8C5C1D89E5A600EE4CD0 /* Frameworks */,
				447C8C5D1D89E5A600EE4CD0 /* Resources */,
			);
			buildRules = (
			);
			dependencies = (
				447C8C611D89E5A600EE4CD0 /* PBXTargetDependency */,
			);
			name = PropertiesTest1UITests;
			productName = PropertiesTest1UITests;
			productReference = 447C8C5F1D89E5A600EE4CD0 /* PropertiesTest1UITests.xctest */;
			productType = "com.apple.product-type.bundle.ui-testing";
		};
/* End PBXNativeTarget section */

/* Begin PBXProject section */
		447C8C331D89E5A600EE4CD0 /* Project object */ = {
			isa = PBXProject;
			attributes = {
				LastUpgradeCheck = 0720;
				ORGANIZATIONNAME = "Ruslan Timchenko";
				TargetAttributes = {
					447C8C3A1D89E5A600EE4CD0 = {
						CreatedOnToolsVersion = 7.2.1;
					};
					447C8C531D89E5A600EE4CD0 = {
						CreatedOnToolsVersion = 7.2.1;
						TestTargetID = 447C8C3A1D89E5A600EE4CD0;
					};
					447C8C5E1D89E5A600EE4CD0 = {
						CreatedOnToolsVersion = 7.2.1;
						TestTargetID = 447C8C3A1D89E5A600EE4CD0;
					};
				};
			};
			buildConfigurationList = 447C8C361D89E5A600EE4CD0 /* Build configuration list for PBXProject "PropertiesTest1" */;
			compatibilityVersion = "Xcode 3.2";
			developmentRegion = English;
			hasScannedForEncodings = 0;
			knownRegions = (
				en,
				Base,
			);
			mainGroup = 447C8C321D89E5A600EE4CD0;
			productRefGroup = 447C8C3C1D89E5A600EE4CD0 /* Products */;
			projectDirPath = "";
			projectRoot = "";
			targets = (
				447C8C3A1D89E5A600EE4CD0 /* PropertiesTest1 */,
				447C8C531D89E5A600EE4CD0 /* PropertiesTest1Tests */,
				447C8C5E1D89E5A600EE4CD0 /* PropertiesTest1UITests */,
			);
		};
/* End PBXProject section */

/* Begin PBXResourcesBuildPhase section */
		447C8C391D89E5A600EE4CD0 /* Resources */ = {
			isa = PBXResourcesBuildPhase;
			buildActionMask = 2147483647;
			files = (
				447C8C4E1D89E5A600EE4CD0 /* LaunchScreen.storyboard in Resources */,
				447C8C4B1D89E5A600EE4CD0 /* Assets.xcassets in Resources */,
				447C8C491D89E5A600EE4CD0 /* Main.storyboard in Resources */,
			);
			runOnlyForDeploymentPostprocessing = 0;
		};
		447C8C521D89E5A600EE4CD0 /* Resources */ = {
			isa = PBXResourcesBuildPhase;
			buildActionMask = 2147483647;
			files = (
			);
			runOnlyForDeploymentPostprocessing = 0;
		};
		447C8C5D1D89E5A600EE4CD0 /* Resources */ = {
			isa = PBXResourcesBuildPhase;
			buildActionMask = 2147483647;
			files = (
			);
			runOnlyForDeploymentPostprocessing = 0;
		};
/* End PBXResourcesBuildPhase section */

/* Begin PBXSourcesBuildPhase section */
		447C8C371D89E5A600EE4CD0 /* Sources */ = {
			isa = PBXSourcesBuildPhase;
			buildActionMask = 2147483647;
			files = (
				447C8C461D89E5A600EE4CD0 /* ViewController.m in Sources */,
				447C8C431D89E5A600EE4CD0 /* AppDelegate.m in Sources */,
				447C8C731D89E5E500EE4CD0 /* Boxer.m in Sources */,
				447C8C401D89E5A600EE4CD0 /* main.m in Sources */,
			);
			runOnlyForDeploymentPostprocessing = 0;
		};
		447C8C501D89E5A600EE4CD0 /* Sources */ = {
			isa = PBXSourcesBuildPhase;
			buildActionMask = 2147483647;
			files = (
				447C8C591D89E5A600EE4CD0 /* PropertiesTest1Tests.m in Sources */,
			);
			runOnlyForDeploymentPostprocessing = 0;
		};
		447C8C5B1D89E5A600EE4CD0 /* Sources */ = {
			isa = PBXSourcesBuildPhase;
			buildActionMask = 2147483647;
			files = (
				447C8C641D89E5A600EE4CD0 /* PropertiesTest1UITests.m in Sources */,
			);
			runOnlyForDeploymentPostprocessing = 0;
		};
/* End PBXSourcesBuildPhase section */

/* Begin PBXTargetDependency section */
		447C8C561D89E5A600EE4CD0 /* PBXTargetDependency */ = {
			isa = PBXTargetDependency;
			target = 447C8C3A1D89E5A600EE4CD0 /* PropertiesTest1 */;
			targetProxy = 447C8C551D89E5A600EE4CD0 /* PBXContainerItemProxy */;
		};
		447C8C611D89E5A600EE4CD0 /* PBXTargetDependency */ = {
			isa = PBXTargetDependency;
			target = 447C8C3A1D89E5A600EE4CD0 /* PropertiesTest1 */;
			targetProxy = 447C8C601D89E5A600EE4CD0 /* PBXContainerItemProxy */;
		};
/* End PBXTargetDependency section */

/* Begin PBXVariantGroup section */
		447C8C471D89E5A600EE4CD0 /* Main.storyboard */ = {
			isa = PBXVariantGroup;
			children = (
				447C8C481D89E5A600EE4CD0 /* Base */,
			);
			name = Main.storyboard;
			sourceTree = "<group>";
		};
		447C8C4C1D89E5A600EE4CD0 /* LaunchScreen.storyboard */ = {
			isa = PBXVariantGroup;
			children = (
				447C8C4D1D89E5A600EE4CD0 /* Base */,
			);
			name = LaunchScreen.storyboard;
			sourceTree = "<group>";
		};
/* End PBXVariantGroup section */

/* Begin XCBuildConfiguration section */
		447C8C661D89E5A600EE4CD0 /* Debug */ = {
			isa = XCBuildConfiguration;
			buildSettings = {
				ALWAYS_SEARCH_USER_PATHS = NO;
				CLANG_CXX_LANGUAGE_STANDARD = "gnu++0x";
				CLANG_CXX_LIBRARY = "libc++";
				CLANG_ENABLE_MODULES = YES;
				CLANG_ENABLE_OBJC_ARC = YES;
				CLANG_WARN_BOOL_CONVERSION = YES;
				CLANG_WARN_CONSTANT_CONVERSION = YES;
				CLANG_WARN_DIRECT_OBJC_ISA_USAGE = YES_ERROR;
				CLANG_WARN_EMPTY_BODY = YES;
				CLANG_WARN_ENUM_CONVERSION = YES;
				CLANG_WARN_INT_CONVERSION = YES;
				CLANG_WARN_OBJC_ROOT_CLASS = YES_ERROR;
				CLANG_WARN_UNREACHABLE_CODE = YES;
				CLANG_WARN__DUPLICATE_METHOD_MATCH = YES;
				"CODE_SIGN_IDENTITY[sdk=iphoneos*]" = "iPhone Developer";
				COPY_PHASE_STRIP = NO;
				DEBUG_INFORMATION_FORMAT = dwarf;
				ENABLE_STRICT_OBJC_MSGSEND = YES;
				ENABLE_TESTABILITY = YES;
				GCC_C_LANGUAGE_STANDARD = gnu99;
				GCC_DYNAMIC_NO_PIC = NO;
				GCC_NO_COMMON_BLOCKS = YES;
				GCC_OPTIMIZATION_LEVEL = 0;
				GCC_PREPROCESSOR_DEFINITIONS = (
					"DEBUG=1",
					"$(inherited)",
				);
				GCC_WARN_64_TO_32_BIT_CONVERSION = YES;
				GCC_WARN_ABOUT_RETURN_TYPE = YES_ERROR;
				GCC_WARN_UNDECLARED_SELECTOR = YES;
				GCC_WARN_UNINITIALIZED_AUTOS = YES_AGGRESSIVE;
				GCC_WARN_UNUSED_FUNCTION = YES;
				GCC_WARN_UNUSED_VARIABLE = YES;
				IPHONEOS_DEPLOYMENT_TARGET = 9.2;
				MTL_ENABLE_DEBUG_INFO = YES;
				ONLY_ACTIVE_ARCH = YES;
				SDKROOT = iphoneos;
				TARGETED_DEVICE_FAMILY = "1,2";
			};
			name = Debug;
		};
		447C8C671D89E5A600EE4CD0 /* Release */ = {
			isa = XCBuildConfiguration;
			buildSettings = {
				ALWAYS_SEARCH_USER_PATHS = NO;
				CLANG_CXX_LANGUAGE_STANDARD = "gnu++0x";
				CLANG_CXX_LIBRARY = "libc++";
				CLANG_ENABLE_MODULES = YES;
				CLANG_ENABLE_OBJC_ARC = YES;
				CLANG_WARN_BOOL_CONVERSION = YES;
				CLANG_WARN_CONSTANT_CONVERSION = YES;
				CLANG_WARN_DIRECT_OBJC_ISA_USAGE = YES_ERROR;
				CLANG_WARN_EMPTY_BODY = YES;
				CLANG_WARN_ENUM_CONVERSION = YES;
				CLANG_WARN_INT_CONVERSION = YES;
				CLANG_WARN_OBJC_ROOT_CLASS = YES_ERROR;
				CLANG_WARN_UNREACHABLE_CODE = YES;
				CLANG_WARN__DUPLICATE_METHOD_MATCH = YES;
				"CODE_SIGN_IDENTITY[sdk=iphoneos*]" = "iPhone Developer";
				COPY_PHASE_STRIP = NO;
				DEBUG_INFORMATION_FORMAT = "dwarf-with-dsym";
				ENABLE_NS_ASSERTIONS = NO;
				ENABLE_STRICT_OBJC_MSGSEND = YES;
				GCC_C_LANGUAGE_STANDARD = gnu99;
				GCC_NO_COMMON_BLOCKS = YES;
				GCC_WARN_64_TO_32_BIT_CONVERSION = YES;
				GCC_WARN_ABOUT_RETURN_TYPE = YES_ERROR;
				GCC_WARN_UNDECLARED_SELECTOR = YES;
				GCC_WARN_UNINITIALIZED_AUTOS = YES_AGGRESSIVE;
				GCC_WARN_UNUSED_FUNCTION = YES;
				GCC_WARN_UNUSED_VARIABLE = YES;
				IPHONEOS_DEPLOYMENT_TARGET = 9.2;
				MTL_ENABLE_DEBUG_INFO = NO;
				SDKROOT = iphoneos;
				TARGETED_DEVICE_FAMILY = "1,2";
				VALIDATE_PRODUCT = YES;
			};
			name = Release;
		};
		447C8C691D89E5A600EE4CD0 /* Debug */ = {
			isa = XCBuildConfiguration;
			buildSettings = {
				ASSETCATALOG_COMPILER_APPICON_NAME = AppIcon;
				INFOPLIST_FILE = PropertiesTest1/Info.plist;
				LD_RUNPATH_SEARCH_PATHS = "$(inherited) @executable_path/Frameworks";
				PRODUCT_BUNDLE_IDENTIFIER = RT.PropertiesTest1;
				PRODUCT_NAME = "$(TARGET_NAME)";
			};
			name = Debug;
		};
		447C8C6A1D89E5A600EE4CD0 /* Release */ = {
			isa = XCBuildConfiguration;
			buildSettings = {
				ASSETCATALOG_COMPILER_APPICON_NAME = AppIcon;
				INFOPLIST_FILE = PropertiesTest1/Info.plist;
				LD_RUNPATH_SEARCH_PATHS = "$(inherited) @executable_path/Frameworks";
				PRODUCT_BUNDLE_IDENTIFIER = RT.PropertiesTest1;
				PRODUCT_NAME = "$(TARGET_NAME)";
			};
			name = Release;
		};
		447C8C6C1D89E5A600EE4CD0 /* Debug */ = {
			isa = XCBuildConfiguration;
			buildSettings = {
				BUNDLE_LOADER = "$(TEST_HOST)";
				INFOPLIST_FILE = PropertiesTest1Tests/Info.plist;
				LD_RUNPATH_SEARCH_PATHS = "$(inherited) @executable_path/Frameworks @loader_path/Frameworks";
				PRODUCT_BUNDLE_IDENTIFIER = RT.PropertiesTest1Tests;
				PRODUCT_NAME = "$(TARGET_NAME)";
				TEST_HOST = "$(BUILT_PRODUCTS_DIR)/PropertiesTest1.app/PropertiesTest1";
			};
			name = Debug;
		};
		447C8C6D1D89E5A600EE4CD0 /* Release */ = {
			isa = XCBuildConfiguration;
			buildSettings = {
				BUNDLE_LOADER = "$(TEST_HOST)";
				INFOPLIST_FILE = PropertiesTest1Tests/Info.plist;
				LD_RUNPATH_SEARCH_PATHS = "$(inherited) @executable_path/Frameworks @loader_path/Frameworks";
				PRODUCT_BUNDLE_IDENTIFIER = RT.PropertiesTest1Tests;
				PRODUCT_NAME = "$(TARGET_NAME)";
				TEST_HOST = "$(BUILT_PRODUCTS_DIR)/PropertiesTest1.app/PropertiesTest1";
			};
			name = Release;
		};
		447C8C6F1D89E5A600EE4CD0 /* Debug */ = {
			isa = XCBuildConfiguration;
			buildSettings = {
				INFOPLIST_FILE = PropertiesTest1UITests/Info.plist;
				LD_RUNPATH_SEARCH_PATHS = "$(inherited) @executable_path/Frameworks @loader_path/Frameworks";
				PRODUCT_BUNDLE_IDENTIFIER = RT.PropertiesTest1UITests;
				PRODUCT_NAME = "$(TARGET_NAME)";
				TEST_TARGET_NAME = PropertiesTest1;
				USES_XCTRUNNER = YES;
			};
			name = Debug;
		};
		447C8C701D89E5A600EE4CD0 /* Release */ = {
			isa = XCBuildConfiguration;
			buildSettings = {
				INFOPLIST_FILE = PropertiesTest1UITests/Info.plist;
				LD_RUNPATH_SEARCH_PATHS = "$(inherited) @executable_path/Frameworks @loader_path/Frameworks";
				PRODUCT_BUNDLE_IDENTIFIER = RT.PropertiesTest1UITests;
				PRODUCT_NAME = "$(TARGET_NAME)";
				TEST_TARGET_NAME = PropertiesTest1;
				USES_XCTRUNNER = YES;
			};
			name = Release;
		};
/* End XCBuildConfiguration section */

/* Begin XCConfigurationList section */
		447C8C361D89E5A600EE4CD0 /* Build configuration list for PBXProject "PropertiesTest1" */ = {
			isa = XCConfigurationList;
			buildConfigurations = (
				447C8C661D89E5A600EE4CD0 /* Debug */,
				447C8C671D89E5A600EE4CD0 /* Release */,
			);
			defaultConfigurationIsVisible = 0;
			defaultConfigurationName = Release;
		};
		447C8C681D89E5A600EE4CD0 /* Build configuration list for PBXNativeTarget "PropertiesTest1" */ = {
			isa = XCConfigurationList;
			buildConfigurations = (
				447C8C691D89E5A600EE4CD0 /* Debug */,
				447C8C6A1D89E5A600EE4CD0 /* Release */,
			);
			defaultConfigurationIsVisible = 0;
		};
		447C8C6B1D89E5A600EE4CD0 /* Build configuration list for PBXNativeTarget "PropertiesTest1Tests" */ = {
			isa = XCConfigurationList;
			buildConfigurations = (
				447C8C6C1D89E5A600EE4CD0 /* Debug */,
				447C8C6D1D89E5A600EE4CD0 /* Release */,
			);
			defaultConfigurationIsVisible = 0;
		};
		447C8C6E1D89E5A600EE4CD0 /* Build configuration list for PBXNativeTarget "PropertiesTest1UITests" */ = {
			isa = XCConfigurationList;
			buildConfigurations = (
				447C8C6F1D89E5A600EE4CD0 /* Debug */,
				447C8C701D89E5A600EE4CD0 /* Release */,
			);
			defaultConfigurationIsVisible = 0;
		};
/* End XCConfigurationList section */
	};
	rootObject = 447C8C331D89E5A600EE4CD0 /* Project object */;
}
